
Microsoft Visual Studio Solution File, Format Version 12.00
# Visual Studio Version 17
VisualStudioVersion = 17.7.34221.43
MinimumVisualStudioVersion = 10.0.40219.1
Project("{2150E333-8FDC-42A3-9474-1A3956D46DE8}") = "framework", "framework", "{BAFAA498-4C78-415D-8481-9ABF6C53BE84}"
EndProject
Project("{F184B08F-C81C-45F6-A57F-5ABD9991F28F}") = "test", "Test\test.vbproj", "{746094D8-3B2C-42BE-8E25-2D5FD6686212}"
EndProject
Project("{2150E333-8FDC-42A3-9474-1A3956D46DE8}") = "gnuplot", "gnuplot", "{684F8E0E-1CDA-4990-8478-8A5B8A71F48A}"
EndProject
Project("{F184B08F-C81C-45F6-A57F-5ABD9991F28F}") = "GNUplot", "src\GNUplot\GNUplot.vbproj", "{99D9B8FD-620F-4BF7-B2EA-0416754D8178}"
EndProject
Project("{F184B08F-C81C-45F6-A57F-5ABD9991F28F}") = "GNUPlot.Extensions", "src\GNUPlot.Extensions\GNUPlot.Extensions.vbproj", "{DCC7EB3C-4A3E-4AD6-A4F7-39E8C6EF130F}"
EndProject
Global
	GlobalSection(SolutionConfigurationPlatforms) = preSolution
		Biodeep|Any CPU = Biodeep|Any CPU
		Biodeep|x64 = Biodeep|x64
		Biodeep|x86 = Biodeep|x86
		Debug|Any CPU = Debug|Any CPU
		Debug|x64 = Debug|x64
		Debug|x86 = Debug|x86
		docs|Any CPU = docs|Any CPU
		docs|x64 = docs|x64
		docs|x86 = docs|x86
		GCModeller(Release_X64)|Any CPU = GCModeller(Release_X64)|Any CPU
		GCModeller(Release_X64)|x64 = GCModeller(Release_X64)|x64
		GCModeller(Release_X64)|x86 = GCModeller(Release_X64)|x86
		GCModeller(UNIX-Release_X64)|Any CPU = GCModeller(UNIX-Release_X64)|Any CPU
		GCModeller(UNIX-Release_X64)|x64 = GCModeller(UNIX-Release_X64)|x64
		GCModeller(UNIX-Release_X64)|x86 = GCModeller(UNIX-Release_X64)|x86
		installer_x64|Any CPU = installer_x64|Any CPU
		installer_x64|x64 = installer_x64|x64
		installer_x64|x86 = installer_x64|x86
		Publish|Any CPU = Publish|Any CPU
		Publish|x64 = Publish|x64
		Publish|x86 = Publish|x86
		Release|Any CPU = Release|Any CPU
		Release|x64 = Release|x64
		Release|x86 = Release|x86
		Release2|Any CPU = Release2|Any CPU
		Release2|x64 = Release2|x64
		Release2|x86 = Release2|x86
	EndGlobalSection
	GlobalSection(ProjectConfigurationPlatforms) = postSolution
		{746094D8-3B2C-42BE-8E25-2D5FD6686212}.Biodeep|Any CPU.ActiveCfg = Release|Any CPU
		{746094D8-3B2C-42BE-8E25-2D5FD6686212}.Biodeep|Any CPU.Build.0 = Release|Any CPU
		{746094D8-3B2C-42BE-8E25-2D5FD6686212}.Biodeep|x64.ActiveCfg = Release|Any CPU
		{746094D8-3B2C-42BE-8E25-2D5FD6686212}.Biodeep|x64.Build.0 = Release|Any CPU
		{746094D8-3B2C-42BE-8E25-2D5FD6686212}.Biodeep|x86.ActiveCfg = Release|Any CPU
		{746094D8-3B2C-42BE-8E25-2D5FD6686212}.Biodeep|x86.Build.0 = Release|Any CPU
		{746094D8-3B2C-42BE-8E25-2D5FD6686212}.Debug|Any CPU.ActiveCfg = Debug|Any CPU
		{746094D8-3B2C-42BE-8E25-2D5FD6686212}.Debug|Any CPU.Build.0 = Debug|Any CPU
		{746094D8-3B2C-42BE-8E25-2D5FD6686212}.Debug|x64.ActiveCfg = Debug|Any CPU
		{746094D8-3B2C-42BE-8E25-2D5FD6686212}.Debug|x64.Build.0 = Debug|Any CPU
		{746094D8-3B2C-42BE-8E25-2D5FD6686212}.Debug|x86.ActiveCfg = Debug|Any CPU
		{746094D8-3B2C-42BE-8E25-2D5FD6686212}.Debug|x86.Build.0 = Debug|Any CPU
		{746094D8-3B2C-42BE-8E25-2D5FD6686212}.docs|Any CPU.ActiveCfg = Debug|Any CPU
		{746094D8-3B2C-42BE-8E25-2D5FD6686212}.docs|Any CPU.Build.0 = Debug|Any CPU
		{746094D8-3B2C-42BE-8E25-2D5FD6686212}.docs|x64.ActiveCfg = Debug|Any CPU
		{746094D8-3B2C-42BE-8E25-2D5FD6686212}.docs|x64.Build.0 = Debug|Any CPU
		{746094D8-3B2C-42BE-8E25-2D5FD6686212}.docs|x86.ActiveCfg = Debug|Any CPU
		{746094D8-3B2C-42BE-8E25-2D5FD6686212}.docs|x86.Build.0 = Debug|Any CPU
		{746094D8-3B2C-42BE-8E25-2D5FD6686212}.GCModeller(Release_X64)|Any CPU.ActiveCfg = Release|Any CPU
		{746094D8-3B2C-42BE-8E25-2D5FD6686212}.GCModeller(Release_X64)|Any CPU.Build.0 = Release|Any CPU
		{746094D8-3B2C-42BE-8E25-2D5FD6686212}.GCModeller(Release_X64)|x64.ActiveCfg = Release|Any CPU
		{746094D8-3B2C-42BE-8E25-2D5FD6686212}.GCModeller(Release_X64)|x64.Build.0 = Release|Any CPU
		{746094D8-3B2C-42BE-8E25-2D5FD6686212}.GCModeller(Release_X64)|x86.ActiveCfg = Release|Any CPU
		{746094D8-3B2C-42BE-8E25-2D5FD6686212}.GCModeller(Release_X64)|x86.Build.0 = Release|Any CPU
		{746094D8-3B2C-42BE-8E25-2D5FD6686212}.GCModeller(UNIX-Release_X64)|Any CPU.ActiveCfg = Release|Any CPU
		{746094D8-3B2C-42BE-8E25-2D5FD6686212}.GCModeller(UNIX-Release_X64)|Any CPU.Build.0 = Release|Any CPU
		{746094D8-3B2C-42BE-8E25-2D5FD6686212}.GCModeller(UNIX-Release_X64)|x64.ActiveCfg = Release|Any CPU
		{746094D8-3B2C-42BE-8E25-2D5FD6686212}.GCModeller(UNIX-Release_X64)|x64.Build.0 = Release|Any CPU
		{746094D8-3B2C-42BE-8E25-2D5FD6686212}.GCModeller(UNIX-Release_X64)|x86.ActiveCfg = Release|Any CPU
		{746094D8-3B2C-42BE-8E25-2D5FD6686212}.GCModeller(UNIX-Release_X64)|x86.Build.0 = Release|Any CPU
		{746094D8-3B2C-42BE-8E25-2D5FD6686212}.installer_x64|Any CPU.ActiveCfg = Release|Any CPU
		{746094D8-3B2C-42BE-8E25-2D5FD6686212}.installer_x64|Any CPU.Build.0 = Release|Any CPU
		{746094D8-3B2C-42BE-8E25-2D5FD6686212}.installer_x64|x64.ActiveCfg = Release|Any CPU
		{746094D8-3B2C-42BE-8E25-2D5FD6686212}.installer_x64|x64.Build.0 = Release|Any CPU
		{746094D8-3B2C-42BE-8E25-2D5FD6686212}.installer_x64|x86.ActiveCfg = Release|Any CPU
		{746094D8-3B2C-42BE-8E25-2D5FD6686212}.installer_x64|x86.Build.0 = Release|Any CPU
		{746094D8-3B2C-42BE-8E25-2D5FD6686212}.Publish|Any CPU.ActiveCfg = Release|Any CPU
		{746094D8-3B2C-42BE-8E25-2D5FD6686212}.Publish|Any CPU.Build.0 = Release|Any CPU
		{746094D8-3B2C-42BE-8E25-2D5FD6686212}.Publish|x64.ActiveCfg = Release|Any CPU
		{746094D8-3B2C-42BE-8E25-2D5FD6686212}.Publish|x64.Build.0 = Release|Any CPU
		{746094D8-3B2C-42BE-8E25-2D5FD6686212}.Publish|x86.ActiveCfg = Release|Any CPU
		{746094D8-3B2C-42BE-8E25-2D5FD6686212}.Publish|x86.Build.0 = Release|Any CPU
		{746094D8-3B2C-42BE-8E25-2D5FD6686212}.Release|Any CPU.ActiveCfg = Release|Any CPU
		{746094D8-3B2C-42BE-8E25-2D5FD6686212}.Release|Any CPU.Build.0 = Release|Any CPU
		{746094D8-3B2C-42BE-8E25-2D5FD6686212}.Release|x64.ActiveCfg = Release|Any CPU
		{746094D8-3B2C-42BE-8E25-2D5FD6686212}.Release|x64.Build.0 = Release|Any CPU
		{746094D8-3B2C-42BE-8E25-2D5FD6686212}.Release|x86.ActiveCfg = Release|Any CPU
		{746094D8-3B2C-42BE-8E25-2D5FD6686212}.Release|x86.Build.0 = Release|Any CPU
		{746094D8-3B2C-42BE-8E25-2D5FD6686212}.Release2|Any CPU.ActiveCfg = Release|Any CPU
		{746094D8-3B2C-42BE-8E25-2D5FD6686212}.Release2|Any CPU.Build.0 = Release|Any CPU
		{746094D8-3B2C-42BE-8E25-2D5FD6686212}.Release2|x64.ActiveCfg = Release|Any CPU
		{746094D8-3B2C-42BE-8E25-2D5FD6686212}.Release2|x64.Build.0 = Release|Any CPU
		{746094D8-3B2C-42BE-8E25-2D5FD6686212}.Release2|x86.ActiveCfg = Release|Any CPU
		{746094D8-3B2C-42BE-8E25-2D5FD6686212}.Release2|x86.Build.0 = Release|Any CPU
		{99D9B8FD-620F-4BF7-B2EA-0416754D8178}.Biodeep|Any CPU.ActiveCfg = Debug|Any CPU
		{99D9B8FD-620F-4BF7-B2EA-0416754D8178}.Biodeep|Any CPU.Build.0 = Debug|Any CPU
		{99D9B8FD-620F-4BF7-B2EA-0416754D8178}.Biodeep|x64.ActiveCfg = Debug|x64
		{99D9B8FD-620F-4BF7-B2EA-0416754D8178}.Biodeep|x64.Build.0 = Debug|x64
		{99D9B8FD-620F-4BF7-B2EA-0416754D8178}.Biodeep|x86.ActiveCfg = Debug|x86
		{99D9B8FD-620F-4BF7-B2EA-0416754D8178}.Biodeep|x86.Build.0 = Debug|x86
		{99D9B8FD-620F-4BF7-B2EA-0416754D8178}.Debug|Any CPU.ActiveCfg = Debug|Any CPU
		{99D9B8FD-620F-4BF7-B2EA-0416754D8178}.Debug|Any CPU.Build.0 = Debug|Any CPU
		{99D9B8FD-620F-4BF7-B2EA-0416754D8178}.Debug|x64.ActiveCfg = Debug|x64
		{99D9B8FD-620F-4BF7-B2EA-0416754D8178}.Debug|x64.Build.0 = Debug|x64
		{99D9B8FD-620F-4BF7-B2EA-0416754D8178}.Debug|x86.ActiveCfg = Debug|x86
		{99D9B8FD-620F-4BF7-B2EA-0416754D8178}.Debug|x86.Build.0 = Debug|x86
		{99D9B8FD-620F-4BF7-B2EA-0416754D8178}.docs|Any CPU.ActiveCfg = Debug|Any CPU
		{99D9B8FD-620F-4BF7-B2EA-0416754D8178}.docs|Any CPU.Build.0 = Debug|Any CPU
		{99D9B8FD-620F-4BF7-B2EA-0416754D8178}.docs|x64.ActiveCfg = Debug|x64
		{99D9B8FD-620F-4BF7-B2EA-0416754D8178}.docs|x64.Build.0 = Debug|x64
		{99D9B8FD-620F-4BF7-B2EA-0416754D8178}.docs|x86.ActiveCfg = Debug|x86
		{99D9B8FD-620F-4BF7-B2EA-0416754D8178}.docs|x86.Build.0 = Debug|x86
		{99D9B8FD-620F-4BF7-B2EA-0416754D8178}.GCModeller(Release_X64)|Any CPU.ActiveCfg = GCModeller(Release_X64)|Any CPU
		{99D9B8FD-620F-4BF7-B2EA-0416754D8178}.GCModeller(Release_X64)|Any CPU.Build.0 = GCModeller(Release_X64)|Any CPU
		{99D9B8FD-620F-4BF7-B2EA-0416754D8178}.GCModeller(Release_X64)|x64.ActiveCfg = GCModeller(Release_X64)|x64
		{99D9B8FD-620F-4BF7-B2EA-0416754D8178}.GCModeller(Release_X64)|x64.Build.0 = GCModeller(Release_X64)|x64
		{99D9B8FD-620F-4BF7-B2EA-0416754D8178}.GCModeller(Release_X64)|x86.ActiveCfg = GCModeller(Release_X64)|x86
		{99D9B8FD-620F-4BF7-B2EA-0416754D8178}.GCModeller(Release_X64)|x86.Build.0 = GCModeller(Release_X64)|x86
		{99D9B8FD-620F-4BF7-B2EA-0416754D8178}.GCModeller(UNIX-Release_X64)|Any CPU.ActiveCfg = GCModeller(UNIX-Release_X64)|Any CPU
		{99D9B8FD-620F-4BF7-B2EA-0416754D8178}.GCModeller(UNIX-Release_X64)|Any CPU.Build.0 = GCModeller(UNIX-Release_X64)|Any CPU
		{99D9B8FD-620F-4BF7-B2EA-0416754D8178}.GCModeller(UNIX-Release_X64)|x64.ActiveCfg = GCModeller(UNIX-Release_X64)|x64
		{99D9B8FD-620F-4BF7-B2EA-0416754D8178}.GCModeller(UNIX-Release_X64)|x64.Build.0 = GCModeller(UNIX-Release_X64)|x64
		{99D9B8FD-620F-4BF7-B2EA-0416754D8178}.GCModeller(UNIX-Release_X64)|x86.ActiveCfg = GCModeller(UNIX-Release_X64)|x86
		{99D9B8FD-620F-4BF7-B2EA-0416754D8178}.GCModeller(UNIX-Release_X64)|x86.Build.0 = GCModeller(UNIX-Release_X64)|x86
		{99D9B8FD-620F-4BF7-B2EA-0416754D8178}.installer_x64|Any CPU.ActiveCfg = Debug|Any CPU
		{99D9B8FD-620F-4BF7-B2EA-0416754D8178}.installer_x64|Any CPU.Build.0 = Debug|Any CPU
		{99D9B8FD-620F-4BF7-B2EA-0416754D8178}.installer_x64|x64.ActiveCfg = Debug|x64
		{99D9B8FD-620F-4BF7-B2EA-0416754D8178}.installer_x64|x64.Build.0 = Debug|x64
		{99D9B8FD-620F-4BF7-B2EA-0416754D8178}.installer_x64|x86.ActiveCfg = Debug|x86
		{99D9B8FD-620F-4BF7-B2EA-0416754D8178}.installer_x64|x86.Build.0 = Debug|x86
		{99D9B8FD-620F-4BF7-B2EA-0416754D8178}.Publish|Any CPU.ActiveCfg = Publish|Any CPU
		{99D9B8FD-620F-4BF7-B2EA-0416754D8178}.Publish|Any CPU.Build.0 = Publish|Any CPU
		{99D9B8FD-620F-4BF7-B2EA-0416754D8178}.Publish|x64.ActiveCfg = Publish|x64
		{99D9B8FD-620F-4BF7-B2EA-0416754D8178}.Publish|x64.Build.0 = Publish|x64
		{99D9B8FD-620F-4BF7-B2EA-0416754D8178}.Publish|x86.ActiveCfg = Publish|x86
		{99D9B8FD-620F-4BF7-B2EA-0416754D8178}.Publish|x86.Build.0 = Publish|x86
		{99D9B8FD-620F-4BF7-B2EA-0416754D8178}.Release|Any CPU.ActiveCfg = Release|Any CPU
		{99D9B8FD-620F-4BF7-B2EA-0416754D8178}.Release|Any CPU.Build.0 = Release|Any CPU
		{99D9B8FD-620F-4BF7-B2EA-0416754D8178}.Release|x64.ActiveCfg = Release|x64
		{99D9B8FD-620F-4BF7-B2EA-0416754D8178}.Release|x64.Build.0 = Release|x64
		{99D9B8FD-620F-4BF7-B2EA-0416754D8178}.Release|x86.ActiveCfg = Release|x86
		{99D9B8FD-620F-4BF7-B2EA-0416754D8178}.Release|x86.Build.0 = Release|x86
		{99D9B8FD-620F-4BF7-B2EA-0416754D8178}.Release2|Any CPU.ActiveCfg = Release|Any CPU
		{99D9B8FD-620F-4BF7-B2EA-0416754D8178}.Release2|Any CPU.Build.0 = Release|Any CPU
		{99D9B8FD-620F-4BF7-B2EA-0416754D8178}.Release2|x64.ActiveCfg = Release|x64
		{99D9B8FD-620F-4BF7-B2EA-0416754D8178}.Release2|x64.Build.0 = Release|x64
		{99D9B8FD-620F-4BF7-B2EA-0416754D8178}.Release2|x86.ActiveCfg = Release|x86
		{99D9B8FD-620F-4BF7-B2EA-0416754D8178}.Release2|x86.Build.0 = Release|x86
		{DCC7EB3C-4A3E-4AD6-A4F7-39E8C6EF130F}.Biodeep|Any CPU.ActiveCfg = Debug|Any CPU
		{DCC7EB3C-4A3E-4AD6-A4F7-39E8C6EF130F}.Biodeep|Any CPU.Build.0 = Debug|Any CPU
		{DCC7EB3C-4A3E-4AD6-A4F7-39E8C6EF130F}.Biodeep|x64.ActiveCfg = Debug|Any CPU
		{DCC7EB3C-4A3E-4AD6-A4F7-39E8C6EF130F}.Biodeep|x64.Build.0 = Debug|Any CPU
		{DCC7EB3C-4A3E-4AD6-A4F7-39E8C6EF130F}.Biodeep|x86.ActiveCfg = Debug|Any CPU
		{DCC7EB3C-4A3E-4AD6-A4F7-39E8C6EF130F}.Biodeep|x86.Build.0 = Debug|Any CPU
		{DCC7EB3C-4A3E-4AD6-A4F7-39E8C6EF130F}.Debug|Any CPU.ActiveCfg = Debug|Any CPU
		{DCC7EB3C-4A3E-4AD6-A4F7-39E8C6EF130F}.Debug|Any CPU.Build.0 = Debug|Any CPU
		{DCC7EB3C-4A3E-4AD6-A4F7-39E8C6EF130F}.Debug|x64.ActiveCfg = Debug|Any CPU
		{DCC7EB3C-4A3E-4AD6-A4F7-39E8C6EF130F}.Debug|x64.Build.0 = Debug|Any CPU
		{DCC7EB3C-4A3E-4AD6-A4F7-39E8C6EF130F}.Debug|x86.ActiveCfg = Debug|Any CPU
		{DCC7EB3C-4A3E-4AD6-A4F7-39E8C6EF130F}.Debug|x86.Build.0 = Debug|Any CPU
		{DCC7EB3C-4A3E-4AD6-A4F7-39E8C6EF130F}.docs|Any CPU.ActiveCfg = Debug|Any CPU
		{DCC7EB3C-4A3E-4AD6-A4F7-39E8C6EF130F}.docs|Any CPU.Build.0 = Debug|Any CPU
		{DCC7EB3C-4A3E-4AD6-A4F7-39E8C6EF130F}.docs|x64.ActiveCfg = Debug|Any CPU
		{DCC7EB3C-4A3E-4AD6-A4F7-39E8C6EF130F}.docs|x64.Build.0 = Debug|Any CPU
		{DCC7EB3C-4A3E-4AD6-A4F7-39E8C6EF130F}.docs|x86.ActiveCfg = Debug|Any CPU
		{DCC7EB3C-4A3E-4AD6-A4F7-39E8C6EF130F}.docs|x86.Build.0 = Debug|Any CPU
		{DCC7EB3C-4A3E-4AD6-A4F7-39E8C6EF130F}.GCModeller(Release_X64)|Any CPU.ActiveCfg = Release|Any CPU
		{DCC7EB3C-4A3E-4AD6-A4F7-39E8C6EF130F}.GCModeller(Release_X64)|Any CPU.Build.0 = Release|Any CPU
		{DCC7EB3C-4A3E-4AD6-A4F7-39E8C6EF130F}.GCModeller(Release_X64)|x64.ActiveCfg = Release|Any CPU
		{DCC7EB3C-4A3E-4AD6-A4F7-39E8C6EF130F}.GCModeller(Release_X64)|x64.Build.0 = Release|Any CPU
		{DCC7EB3C-4A3E-4AD6-A4F7-39E8C6EF130F}.GCModeller(Release_X64)|x86.ActiveCfg = Release|Any CPU
		{DCC7EB3C-4A3E-4AD6-A4F7-39E8C6EF130F}.GCModeller(Release_X64)|x86.Build.0 = Release|Any CPU
		{DCC7EB3C-4A3E-4AD6-A4F7-39E8C6EF130F}.GCModeller(UNIX-Release_X64)|Any CPU.ActiveCfg = Release|Any CPU
		{DCC7EB3C-4A3E-4AD6-A4F7-39E8C6EF130F}.GCModeller(UNIX-Release_X64)|Any CPU.Build.0 = Release|Any CPU
		{DCC7EB3C-4A3E-4AD6-A4F7-39E8C6EF130F}.GCModeller(UNIX-Release_X64)|x64.ActiveCfg = Release|Any CPU
		{DCC7EB3C-4A3E-4AD6-A4F7-39E8C6EF130F}.GCModeller(UNIX-Release_X64)|x64.Build.0 = Release|Any CPU
		{DCC7EB3C-4A3E-4AD6-A4F7-39E8C6EF130F}.GCModeller(UNIX-Release_X64)|x86.ActiveCfg = Release|Any CPU
		{DCC7EB3C-4A3E-4AD6-A4F7-39E8C6EF130F}.GCModeller(UNIX-Release_X64)|x86.Build.0 = Release|Any CPU
		{DCC7EB3C-4A3E-4AD6-A4F7-39E8C6EF130F}.installer_x64|Any CPU.ActiveCfg = Debug|Any CPU
		{DCC7EB3C-4A3E-4AD6-A4F7-39E8C6EF130F}.installer_x64|Any CPU.Build.0 = Debug|Any CPU
		{DCC7EB3C-4A3E-4AD6-A4F7-39E8C6EF130F}.installer_x64|x64.ActiveCfg = Debug|Any CPU
		{DCC7EB3C-4A3E-4AD6-A4F7-39E8C6EF130F}.installer_x64|x64.Build.0 = Debug|Any CPU
		{DCC7EB3C-4A3E-4AD6-A4F7-39E8C6EF130F}.installer_x64|x86.ActiveCfg = Debug|Any CPU
		{DCC7EB3C-4A3E-4AD6-A4F7-39E8C6EF130F}.installer_x64|x86.Build.0 = Debug|Any CPU
		{DCC7EB3C-4A3E-4AD6-A4F7-39E8C6EF130F}.Publish|Any CPU.ActiveCfg = Debug|Any CPU
		{DCC7EB3C-4A3E-4AD6-A4F7-39E8C6EF130F}.Publish|Any CPU.Build.0 = Debug|Any CPU
		{DCC7EB3C-4A3E-4AD6-A4F7-39E8C6EF130F}.Publish|x64.ActiveCfg = Debug|Any CPU
		{DCC7EB3C-4A3E-4AD6-A4F7-39E8C6EF130F}.Publish|x64.Build.0 = Debug|Any CPU
		{DCC7EB3C-4A3E-4AD6-A4F7-39E8C6EF130F}.Publish|x86.ActiveCfg = Debug|Any CPU
		{DCC7EB3C-4A3E-4AD6-A4F7-39E8C6EF130F}.Publish|x86.Build.0 = Debug|Any CPU
		{DCC7EB3C-4A3E-4AD6-A4F7-39E8C6EF130F}.Release|Any CPU.ActiveCfg = Release|Any CPU
		{DCC7EB3C-4A3E-4AD6-A4F7-39E8C6EF130F}.Release|Any CPU.Build.0 = Release|Any CPU
		{DCC7EB3C-4A3E-4AD6-A4F7-39E8C6EF130F}.Release|x64.ActiveCfg = Release|Any CPU
		{DCC7EB3C-4A3E-4AD6-A4F7-39E8C6EF130F}.Release|x64.Build.0 = Release|Any CPU
		{DCC7EB3C-4A3E-4AD6-A4F7-39E8C6EF130F}.Release|x86.ActiveCfg = Release|Any CPU
		{DCC7EB3C-4A3E-4AD6-A4F7-39E8C6EF130F}.Release|x86.Build.0 = Release|Any CPU
		{DCC7EB3C-4A3E-4AD6-A4F7-39E8C6EF130F}.Release2|Any CPU.ActiveCfg = Release|Any CPU
		{DCC7EB3C-4A3E-4AD6-A4F7-39E8C6EF130F}.Release2|Any CPU.Build.0 = Release|Any CPU
		{DCC7EB3C-4A3E-4AD6-A4F7-39E8C6EF130F}.Release2|x64.ActiveCfg = Release|Any CPU
		{DCC7EB3C-4A3E-4AD6-A4F7-39E8C6EF130F}.Release2|x64.Build.0 = Release|Any CPU
		{DCC7EB3C-4A3E-4AD6-A4F7-39E8C6EF130F}.Release2|x86.ActiveCfg = Release|Any CPU
		{DCC7EB3C-4A3E-4AD6-A4F7-39E8C6EF130F}.Release2|x86.Build.0 = Release|Any CPU
	EndGlobalSection
	GlobalSection(SolutionProperties) = preSolution
		HideSolutionNode = FALSE
	EndGlobalSection
	GlobalSection(NestedProjects) = preSolution
		{99D9B8FD-620F-4BF7-B2EA-0416754D8178} = {684F8E0E-1CDA-4990-8478-8A5B8A71F48A}
		{DCC7EB3C-4A3E-4AD6-A4F7-39E8C6EF130F} = {684F8E0E-1CDA-4990-8478-8A5B8A71F48A}
	EndGlobalSection
	GlobalSection(ExtensibilityGlobals) = postSolution
		SolutionGuid = {411168DE-532A-4C2D-BDDC-2599082BA032}
	EndGlobalSection
EndGlobal
