
Microsoft Visual Studio Solution File, Format Version 12.00
# Visual Studio Version 17
VisualStudioVersion = 17.7.34221.43
MinimumVisualStudioVersion = 10.0.40219.1
Project("{2150E333-8FDC-42A3-9474-1A3956D46DE8}") = "framework", "framework", "{BAFAA498-4C78-415D-8481-9ABF6C53BE84}"
EndProject
Project("{2150E333-8FDC-42A3-9474-1A3956D46DE8}") = "gnuplot", "gnuplot", "{684F8E0E-1CDA-4990-8478-8A5B8A71F48A}"
EndProject
Project("{778DAE3C-4631-46EA-AA77-85C1314464D9}") = "GNUplot", "src\GNUplot\GNUplot.vbproj", "{99D9B8FD-620F-4BF7-B2EA-0416754D8178}"
EndProject
Project("{778DAE3C-4631-46EA-AA77-85C1314464D9}") = "GNUPlot.Extensions", "src\GNUPlot.Extensions\GNUPlot.Extensions.vbproj", "{DCC7EB3C-4A3E-4AD6-A4F7-39E8C6EF130F}"
EndProject
Project("{778DAE3C-4631-46EA-AA77-85C1314464D9}") = "Core", "..\sciBASIC#\Microsoft.VisualBasic.Core\src\Core.vbproj", "{2E058020-0B17-4AC3-AABB-CB7B5827D341}"
EndProject
Project("{2150E333-8FDC-42A3-9474-1A3956D46DE8}") = "renv", "renv", "{56F0CA78-1E55-4B21-B832-B1617F6FBF78}"
EndProject
Project("{778DAE3C-4631-46EA-AA77-85C1314464D9}") = "Rsharp-netcore5", "..\..\R-sharp\R#\Rsharp-netcore5.vbproj", "{FAFBDABF-5496-4DE3-84E3-2B5FD1921647}"
EndProject
Project("{778DAE3C-4631-46EA-AA77-85C1314464D9}") = "R-cmd.NET5", "..\..\R-sharp\studio\R-terminal\R-cmd.NET5.vbproj", "{E9915610-7FB3-4D2A-A097-811FFEFB9F85}"
EndProject
Project("{F184B08F-C81C-45F6-A57F-5ABD9991F28F}") = "test", "src\GNUplot\test\test.vbproj", "{746094D8-3B2C-42BE-8E25-2D5FD6686212}"
EndProject
Global
	GlobalSection(SolutionConfigurationPlatforms) = preSolution
		Biodeep|Any CPU = Biodeep|Any CPU
		Biodeep|x64 = Biodeep|x64
		Biodeep|x86 = Biodeep|x86
		Debug|Any CPU = Debug|Any CPU
		Debug|x64 = Debug|x64
		Debug|x86 = Debug|x86
		Docker|Any CPU = Docker|Any CPU
		Docker|x64 = Docker|x64
		Docker|x86 = Docker|x86
		docs|Any CPU = docs|Any CPU
		docs|x64 = docs|x64
		docs|x86 = docs|x86
		GCModeller(Release_X64)|Any CPU = GCModeller(Release_X64)|Any CPU
		GCModeller(Release_X64)|x64 = GCModeller(Release_X64)|x64
		GCModeller(Release_X64)|x86 = GCModeller(Release_X64)|x86
		GCModeller(UNIX-Release_X64)|Any CPU = GCModeller(UNIX-Release_X64)|Any CPU
		GCModeller(UNIX-Release_X64)|x64 = GCModeller(UNIX-Release_X64)|x64
		GCModeller(UNIX-Release_X64)|x86 = GCModeller(UNIX-Release_X64)|x86
		gcmodeller_desktop|Any CPU = gcmodeller_desktop|Any CPU
		gcmodeller_desktop|x64 = gcmodeller_desktop|x64
		gcmodeller_desktop|x86 = gcmodeller_desktop|x86
		installer_x64|Any CPU = installer_x64|Any CPU
		installer_x64|x64 = installer_x64|x64
		installer_x64|x86 = installer_x64|x86
		LipidSearch|Any CPU = LipidSearch|Any CPU
		LipidSearch|x64 = LipidSearch|x64
		LipidSearch|x86 = LipidSearch|x86
		mzkit_win32|Any CPU = mzkit_win32|Any CPU
		mzkit_win32|x64 = mzkit_win32|x64
		mzkit_win32|x86 = mzkit_win32|x86
		mzkit|Any CPU = mzkit|Any CPU
		mzkit|x64 = mzkit|x64
		mzkit|x86 = mzkit|x86
		NPSearch|Any CPU = NPSearch|Any CPU
		NPSearch|x64 = NPSearch|x64
		NPSearch|x86 = NPSearch|x86
		PlantMAT|Any CPU = PlantMAT|Any CPU
		PlantMAT|x64 = PlantMAT|x64
		PlantMAT|x86 = PlantMAT|x86
		Publish|Any CPU = Publish|Any CPU
		Publish|x64 = Publish|x64
		Publish|x86 = Publish|x86
		Release|Any CPU = Release|Any CPU
		Release|x64 = Release|x64
		Release|x86 = Release|x86
		Release2|Any CPU = Release2|Any CPU
		Release2|x64 = Release2|x64
		Release2|x86 = Release2|x86
		Rsharp_app_release|Any CPU = Rsharp_app_release|Any CPU
		Rsharp_app_release|x64 = Rsharp_app_release|x64
		Rsharp_app_release|x86 = Rsharp_app_release|x86
	EndGlobalSection
	GlobalSection(ProjectConfigurationPlatforms) = postSolution
		{99D9B8FD-620F-4BF7-B2EA-0416754D8178}.Biodeep|Any CPU.ActiveCfg = Debug|Any CPU
		{99D9B8FD-620F-4BF7-B2EA-0416754D8178}.Biodeep|Any CPU.Build.0 = Debug|Any CPU
		{99D9B8FD-620F-4BF7-B2EA-0416754D8178}.Biodeep|x64.ActiveCfg = Debug|x64
		{99D9B8FD-620F-4BF7-B2EA-0416754D8178}.Biodeep|x64.Build.0 = Debug|x64
		{99D9B8FD-620F-4BF7-B2EA-0416754D8178}.Biodeep|x86.ActiveCfg = Debug|x86
		{99D9B8FD-620F-4BF7-B2EA-0416754D8178}.Biodeep|x86.Build.0 = Debug|x86
		{99D9B8FD-620F-4BF7-B2EA-0416754D8178}.Debug|Any CPU.ActiveCfg = Debug|Any CPU
		{99D9B8FD-620F-4BF7-B2EA-0416754D8178}.Debug|Any CPU.Build.0 = Debug|Any CPU
		{99D9B8FD-620F-4BF7-B2EA-0416754D8178}.Debug|x64.ActiveCfg = Debug|x64
		{99D9B8FD-620F-4BF7-B2EA-0416754D8178}.Debug|x64.Build.0 = Debug|x64
		{99D9B8FD-620F-4BF7-B2EA-0416754D8178}.Debug|x86.ActiveCfg = Debug|x86
		{99D9B8FD-620F-4BF7-B2EA-0416754D8178}.Debug|x86.Build.0 = Debug|x86
		{99D9B8FD-620F-4BF7-B2EA-0416754D8178}.Docker|Any CPU.ActiveCfg = Debug|Any CPU
		{99D9B8FD-620F-4BF7-B2EA-0416754D8178}.Docker|Any CPU.Build.0 = Debug|Any CPU
		{99D9B8FD-620F-4BF7-B2EA-0416754D8178}.Docker|x64.ActiveCfg = Debug|x64
		{99D9B8FD-620F-4BF7-B2EA-0416754D8178}.Docker|x64.Build.0 = Debug|x64
		{99D9B8FD-620F-4BF7-B2EA-0416754D8178}.Docker|x86.ActiveCfg = Debug|x86
		{99D9B8FD-620F-4BF7-B2EA-0416754D8178}.Docker|x86.Build.0 = Debug|x86
		{99D9B8FD-620F-4BF7-B2EA-0416754D8178}.docs|Any CPU.ActiveCfg = Debug|Any CPU
		{99D9B8FD-620F-4BF7-B2EA-0416754D8178}.docs|Any CPU.Build.0 = Debug|Any CPU
		{99D9B8FD-620F-4BF7-B2EA-0416754D8178}.docs|x64.ActiveCfg = Debug|x64
		{99D9B8FD-620F-4BF7-B2EA-0416754D8178}.docs|x64.Build.0 = Debug|x64
		{99D9B8FD-620F-4BF7-B2EA-0416754D8178}.docs|x86.ActiveCfg = Debug|x86
		{99D9B8FD-620F-4BF7-B2EA-0416754D8178}.docs|x86.Build.0 = Debug|x86
		{99D9B8FD-620F-4BF7-B2EA-0416754D8178}.GCModeller(Release_X64)|Any CPU.ActiveCfg = GCModeller(Release_X64)|Any CPU
		{99D9B8FD-620F-4BF7-B2EA-0416754D8178}.GCModeller(Release_X64)|Any CPU.Build.0 = GCModeller(Release_X64)|Any CPU
		{99D9B8FD-620F-4BF7-B2EA-0416754D8178}.GCModeller(Release_X64)|x64.ActiveCfg = GCModeller(Release_X64)|x64
		{99D9B8FD-620F-4BF7-B2EA-0416754D8178}.GCModeller(Release_X64)|x64.Build.0 = GCModeller(Release_X64)|x64
		{99D9B8FD-620F-4BF7-B2EA-0416754D8178}.GCModeller(Release_X64)|x86.ActiveCfg = GCModeller(Release_X64)|x86
		{99D9B8FD-620F-4BF7-B2EA-0416754D8178}.GCModeller(Release_X64)|x86.Build.0 = GCModeller(Release_X64)|x86
		{99D9B8FD-620F-4BF7-B2EA-0416754D8178}.GCModeller(UNIX-Release_X64)|Any CPU.ActiveCfg = GCModeller(UNIX-Release_X64)|Any CPU
		{99D9B8FD-620F-4BF7-B2EA-0416754D8178}.GCModeller(UNIX-Release_X64)|Any CPU.Build.0 = GCModeller(UNIX-Release_X64)|Any CPU
		{99D9B8FD-620F-4BF7-B2EA-0416754D8178}.GCModeller(UNIX-Release_X64)|x64.ActiveCfg = GCModeller(UNIX-Release_X64)|x64
		{99D9B8FD-620F-4BF7-B2EA-0416754D8178}.GCModeller(UNIX-Release_X64)|x64.Build.0 = GCModeller(UNIX-Release_X64)|x64
		{99D9B8FD-620F-4BF7-B2EA-0416754D8178}.GCModeller(UNIX-Release_X64)|x86.ActiveCfg = GCModeller(UNIX-Release_X64)|x86
		{99D9B8FD-620F-4BF7-B2EA-0416754D8178}.GCModeller(UNIX-Release_X64)|x86.Build.0 = GCModeller(UNIX-Release_X64)|x86
		{99D9B8FD-620F-4BF7-B2EA-0416754D8178}.gcmodeller_desktop|Any CPU.ActiveCfg = GCModeller(UNIX-Release_X64)|Any CPU
		{99D9B8FD-620F-4BF7-B2EA-0416754D8178}.gcmodeller_desktop|Any CPU.Build.0 = GCModeller(UNIX-Release_X64)|Any CPU
		{99D9B8FD-620F-4BF7-B2EA-0416754D8178}.gcmodeller_desktop|x64.ActiveCfg = GCModeller(UNIX-Release_X64)|x64
		{99D9B8FD-620F-4BF7-B2EA-0416754D8178}.gcmodeller_desktop|x64.Build.0 = GCModeller(UNIX-Release_X64)|x64
		{99D9B8FD-620F-4BF7-B2EA-0416754D8178}.gcmodeller_desktop|x86.ActiveCfg = GCModeller(UNIX-Release_X64)|x86
		{99D9B8FD-620F-4BF7-B2EA-0416754D8178}.gcmodeller_desktop|x86.Build.0 = GCModeller(UNIX-Release_X64)|x86
		{99D9B8FD-620F-4BF7-B2EA-0416754D8178}.installer_x64|Any CPU.ActiveCfg = Debug|Any CPU
		{99D9B8FD-620F-4BF7-B2EA-0416754D8178}.installer_x64|Any CPU.Build.0 = Debug|Any CPU
		{99D9B8FD-620F-4BF7-B2EA-0416754D8178}.installer_x64|x64.ActiveCfg = Debug|x64
		{99D9B8FD-620F-4BF7-B2EA-0416754D8178}.installer_x64|x64.Build.0 = Debug|x64
		{99D9B8FD-620F-4BF7-B2EA-0416754D8178}.installer_x64|x86.ActiveCfg = Debug|x86
		{99D9B8FD-620F-4BF7-B2EA-0416754D8178}.installer_x64|x86.Build.0 = Debug|x86
		{99D9B8FD-620F-4BF7-B2EA-0416754D8178}.LipidSearch|Any CPU.ActiveCfg = Release|Any CPU
		{99D9B8FD-620F-4BF7-B2EA-0416754D8178}.LipidSearch|Any CPU.Build.0 = Release|Any CPU
		{99D9B8FD-620F-4BF7-B2EA-0416754D8178}.LipidSearch|x64.ActiveCfg = Release|x64
		{99D9B8FD-620F-4BF7-B2EA-0416754D8178}.LipidSearch|x64.Build.0 = Release|x64
		{99D9B8FD-620F-4BF7-B2EA-0416754D8178}.LipidSearch|x86.ActiveCfg = Release|x86
		{99D9B8FD-620F-4BF7-B2EA-0416754D8178}.LipidSearch|x86.Build.0 = Release|x86
		{99D9B8FD-620F-4BF7-B2EA-0416754D8178}.mzkit_win32|Any CPU.ActiveCfg = Release|Any CPU
		{99D9B8FD-620F-4BF7-B2EA-0416754D8178}.mzkit_win32|Any CPU.Build.0 = Release|Any CPU
		{99D9B8FD-620F-4BF7-B2EA-0416754D8178}.mzkit_win32|x64.ActiveCfg = Release|x64
		{99D9B8FD-620F-4BF7-B2EA-0416754D8178}.mzkit_win32|x64.Build.0 = Release|x64
		{99D9B8FD-620F-4BF7-B2EA-0416754D8178}.mzkit_win32|x86.ActiveCfg = Release|x86
		{99D9B8FD-620F-4BF7-B2EA-0416754D8178}.mzkit_win32|x86.Build.0 = Release|x86
		{99D9B8FD-620F-4BF7-B2EA-0416754D8178}.mzkit|Any CPU.ActiveCfg = Release|Any CPU
		{99D9B8FD-620F-4BF7-B2EA-0416754D8178}.mzkit|Any CPU.Build.0 = Release|Any CPU
		{99D9B8FD-620F-4BF7-B2EA-0416754D8178}.mzkit|x64.ActiveCfg = Release|x64
		{99D9B8FD-620F-4BF7-B2EA-0416754D8178}.mzkit|x64.Build.0 = Release|x64
		{99D9B8FD-620F-4BF7-B2EA-0416754D8178}.mzkit|x86.ActiveCfg = Release|x86
		{99D9B8FD-620F-4BF7-B2EA-0416754D8178}.mzkit|x86.Build.0 = Release|x86
		{99D9B8FD-620F-4BF7-B2EA-0416754D8178}.NPSearch|Any CPU.ActiveCfg = Release|Any CPU
		{99D9B8FD-620F-4BF7-B2EA-0416754D8178}.NPSearch|Any CPU.Build.0 = Release|Any CPU
		{99D9B8FD-620F-4BF7-B2EA-0416754D8178}.NPSearch|x64.ActiveCfg = Release|x64
		{99D9B8FD-620F-4BF7-B2EA-0416754D8178}.NPSearch|x64.Build.0 = Release|x64
		{99D9B8FD-620F-4BF7-B2EA-0416754D8178}.NPSearch|x86.ActiveCfg = Release|x86
		{99D9B8FD-620F-4BF7-B2EA-0416754D8178}.NPSearch|x86.Build.0 = Release|x86
		{99D9B8FD-620F-4BF7-B2EA-0416754D8178}.PlantMAT|Any CPU.ActiveCfg = Publish|Any CPU
		{99D9B8FD-620F-4BF7-B2EA-0416754D8178}.PlantMAT|Any CPU.Build.0 = Publish|Any CPU
		{99D9B8FD-620F-4BF7-B2EA-0416754D8178}.PlantMAT|x64.ActiveCfg = Publish|x64
		{99D9B8FD-620F-4BF7-B2EA-0416754D8178}.PlantMAT|x64.Build.0 = Publish|x64
		{99D9B8FD-620F-4BF7-B2EA-0416754D8178}.PlantMAT|x86.ActiveCfg = Publish|x86
		{99D9B8FD-620F-4BF7-B2EA-0416754D8178}.PlantMAT|x86.Build.0 = Publish|x86
		{99D9B8FD-620F-4BF7-B2EA-0416754D8178}.Publish|Any CPU.ActiveCfg = Publish|Any CPU
		{99D9B8FD-620F-4BF7-B2EA-0416754D8178}.Publish|Any CPU.Build.0 = Publish|Any CPU
		{99D9B8FD-620F-4BF7-B2EA-0416754D8178}.Publish|x64.ActiveCfg = Publish|x64
		{99D9B8FD-620F-4BF7-B2EA-0416754D8178}.Publish|x64.Build.0 = Publish|x64
		{99D9B8FD-620F-4BF7-B2EA-0416754D8178}.Publish|x86.ActiveCfg = Publish|x86
		{99D9B8FD-620F-4BF7-B2EA-0416754D8178}.Publish|x86.Build.0 = Publish|x86
		{99D9B8FD-620F-4BF7-B2EA-0416754D8178}.Release|Any CPU.ActiveCfg = Release|Any CPU
		{99D9B8FD-620F-4BF7-B2EA-0416754D8178}.Release|Any CPU.Build.0 = Release|Any CPU
		{99D9B8FD-620F-4BF7-B2EA-0416754D8178}.Release|x64.ActiveCfg = Release|x64
		{99D9B8FD-620F-4BF7-B2EA-0416754D8178}.Release|x64.Build.0 = Release|x64
		{99D9B8FD-620F-4BF7-B2EA-0416754D8178}.Release|x86.ActiveCfg = Release|x86
		{99D9B8FD-620F-4BF7-B2EA-0416754D8178}.Release|x86.Build.0 = Release|x86
		{99D9B8FD-620F-4BF7-B2EA-0416754D8178}.Release2|Any CPU.ActiveCfg = Release|Any CPU
		{99D9B8FD-620F-4BF7-B2EA-0416754D8178}.Release2|Any CPU.Build.0 = Release|Any CPU
		{99D9B8FD-620F-4BF7-B2EA-0416754D8178}.Release2|x64.ActiveCfg = Release|x64
		{99D9B8FD-620F-4BF7-B2EA-0416754D8178}.Release2|x64.Build.0 = Release|x64
		{99D9B8FD-620F-4BF7-B2EA-0416754D8178}.Release2|x86.ActiveCfg = Release|x86
		{99D9B8FD-620F-4BF7-B2EA-0416754D8178}.Release2|x86.Build.0 = Release|x86
		{99D9B8FD-620F-4BF7-B2EA-0416754D8178}.Rsharp_app_release|Any CPU.ActiveCfg = Release|Any CPU
		{99D9B8FD-620F-4BF7-B2EA-0416754D8178}.Rsharp_app_release|Any CPU.Build.0 = Release|Any CPU
		{99D9B8FD-620F-4BF7-B2EA-0416754D8178}.Rsharp_app_release|x64.ActiveCfg = Release|x64
		{99D9B8FD-620F-4BF7-B2EA-0416754D8178}.Rsharp_app_release|x64.Build.0 = Release|x64
		{99D9B8FD-620F-4BF7-B2EA-0416754D8178}.Rsharp_app_release|x86.ActiveCfg = Release|x86
		{99D9B8FD-620F-4BF7-B2EA-0416754D8178}.Rsharp_app_release|x86.Build.0 = Release|x86
		{DCC7EB3C-4A3E-4AD6-A4F7-39E8C6EF130F}.Biodeep|Any CPU.ActiveCfg = Debug|Any CPU
		{DCC7EB3C-4A3E-4AD6-A4F7-39E8C6EF130F}.Biodeep|Any CPU.Build.0 = Debug|Any CPU
		{DCC7EB3C-4A3E-4AD6-A4F7-39E8C6EF130F}.Biodeep|x64.ActiveCfg = Debug|Any CPU
		{DCC7EB3C-4A3E-4AD6-A4F7-39E8C6EF130F}.Biodeep|x64.Build.0 = Debug|Any CPU
		{DCC7EB3C-4A3E-4AD6-A4F7-39E8C6EF130F}.Biodeep|x86.ActiveCfg = Debug|Any CPU
		{DCC7EB3C-4A3E-4AD6-A4F7-39E8C6EF130F}.Biodeep|x86.Build.0 = Debug|Any CPU
		{DCC7EB3C-4A3E-4AD6-A4F7-39E8C6EF130F}.Debug|Any CPU.ActiveCfg = Debug|Any CPU
		{DCC7EB3C-4A3E-4AD6-A4F7-39E8C6EF130F}.Debug|Any CPU.Build.0 = Debug|Any CPU
		{DCC7EB3C-4A3E-4AD6-A4F7-39E8C6EF130F}.Debug|x64.ActiveCfg = Debug|Any CPU
		{DCC7EB3C-4A3E-4AD6-A4F7-39E8C6EF130F}.Debug|x64.Build.0 = Debug|Any CPU
		{DCC7EB3C-4A3E-4AD6-A4F7-39E8C6EF130F}.Debug|x86.ActiveCfg = Debug|Any CPU
		{DCC7EB3C-4A3E-4AD6-A4F7-39E8C6EF130F}.Debug|x86.Build.0 = Debug|Any CPU
		{DCC7EB3C-4A3E-4AD6-A4F7-39E8C6EF130F}.Docker|Any CPU.ActiveCfg = Debug|Any CPU
		{DCC7EB3C-4A3E-4AD6-A4F7-39E8C6EF130F}.Docker|Any CPU.Build.0 = Debug|Any CPU
		{DCC7EB3C-4A3E-4AD6-A4F7-39E8C6EF130F}.Docker|x64.ActiveCfg = Debug|Any CPU
		{DCC7EB3C-4A3E-4AD6-A4F7-39E8C6EF130F}.Docker|x64.Build.0 = Debug|Any CPU
		{DCC7EB3C-4A3E-4AD6-A4F7-39E8C6EF130F}.Docker|x86.ActiveCfg = Debug|Any CPU
		{DCC7EB3C-4A3E-4AD6-A4F7-39E8C6EF130F}.Docker|x86.Build.0 = Debug|Any CPU
		{DCC7EB3C-4A3E-4AD6-A4F7-39E8C6EF130F}.docs|Any CPU.ActiveCfg = Debug|Any CPU
		{DCC7EB3C-4A3E-4AD6-A4F7-39E8C6EF130F}.docs|Any CPU.Build.0 = Debug|Any CPU
		{DCC7EB3C-4A3E-4AD6-A4F7-39E8C6EF130F}.docs|x64.ActiveCfg = Debug|Any CPU
		{DCC7EB3C-4A3E-4AD6-A4F7-39E8C6EF130F}.docs|x64.Build.0 = Debug|Any CPU
		{DCC7EB3C-4A3E-4AD6-A4F7-39E8C6EF130F}.docs|x86.ActiveCfg = Debug|Any CPU
		{DCC7EB3C-4A3E-4AD6-A4F7-39E8C6EF130F}.docs|x86.Build.0 = Debug|Any CPU
		{DCC7EB3C-4A3E-4AD6-A4F7-39E8C6EF130F}.GCModeller(Release_X64)|Any CPU.ActiveCfg = Release|Any CPU
		{DCC7EB3C-4A3E-4AD6-A4F7-39E8C6EF130F}.GCModeller(Release_X64)|Any CPU.Build.0 = Release|Any CPU
		{DCC7EB3C-4A3E-4AD6-A4F7-39E8C6EF130F}.GCModeller(Release_X64)|x64.ActiveCfg = Release|Any CPU
		{DCC7EB3C-4A3E-4AD6-A4F7-39E8C6EF130F}.GCModeller(Release_X64)|x64.Build.0 = Release|Any CPU
		{DCC7EB3C-4A3E-4AD6-A4F7-39E8C6EF130F}.GCModeller(Release_X64)|x86.ActiveCfg = Release|Any CPU
		{DCC7EB3C-4A3E-4AD6-A4F7-39E8C6EF130F}.GCModeller(Release_X64)|x86.Build.0 = Release|Any CPU
		{DCC7EB3C-4A3E-4AD6-A4F7-39E8C6EF130F}.GCModeller(UNIX-Release_X64)|Any CPU.ActiveCfg = Release|Any CPU
		{DCC7EB3C-4A3E-4AD6-A4F7-39E8C6EF130F}.GCModeller(UNIX-Release_X64)|Any CPU.Build.0 = Release|Any CPU
		{DCC7EB3C-4A3E-4AD6-A4F7-39E8C6EF130F}.GCModeller(UNIX-Release_X64)|x64.ActiveCfg = Release|Any CPU
		{DCC7EB3C-4A3E-4AD6-A4F7-39E8C6EF130F}.GCModeller(UNIX-Release_X64)|x64.Build.0 = Release|Any CPU
		{DCC7EB3C-4A3E-4AD6-A4F7-39E8C6EF130F}.GCModeller(UNIX-Release_X64)|x86.ActiveCfg = Release|Any CPU
		{DCC7EB3C-4A3E-4AD6-A4F7-39E8C6EF130F}.GCModeller(UNIX-Release_X64)|x86.Build.0 = Release|Any CPU
		{DCC7EB3C-4A3E-4AD6-A4F7-39E8C6EF130F}.gcmodeller_desktop|Any CPU.ActiveCfg = Release|Any CPU
		{DCC7EB3C-4A3E-4AD6-A4F7-39E8C6EF130F}.gcmodeller_desktop|Any CPU.Build.0 = Release|Any CPU
		{DCC7EB3C-4A3E-4AD6-A4F7-39E8C6EF130F}.gcmodeller_desktop|x64.ActiveCfg = Release|Any CPU
		{DCC7EB3C-4A3E-4AD6-A4F7-39E8C6EF130F}.gcmodeller_desktop|x64.Build.0 = Release|Any CPU
		{DCC7EB3C-4A3E-4AD6-A4F7-39E8C6EF130F}.gcmodeller_desktop|x86.ActiveCfg = Release|Any CPU
		{DCC7EB3C-4A3E-4AD6-A4F7-39E8C6EF130F}.gcmodeller_desktop|x86.Build.0 = Release|Any CPU
		{DCC7EB3C-4A3E-4AD6-A4F7-39E8C6EF130F}.installer_x64|Any CPU.ActiveCfg = Debug|Any CPU
		{DCC7EB3C-4A3E-4AD6-A4F7-39E8C6EF130F}.installer_x64|Any CPU.Build.0 = Debug|Any CPU
		{DCC7EB3C-4A3E-4AD6-A4F7-39E8C6EF130F}.installer_x64|x64.ActiveCfg = Debug|Any CPU
		{DCC7EB3C-4A3E-4AD6-A4F7-39E8C6EF130F}.installer_x64|x64.Build.0 = Debug|Any CPU
		{DCC7EB3C-4A3E-4AD6-A4F7-39E8C6EF130F}.installer_x64|x86.ActiveCfg = Debug|Any CPU
		{DCC7EB3C-4A3E-4AD6-A4F7-39E8C6EF130F}.installer_x64|x86.Build.0 = Debug|Any CPU
		{DCC7EB3C-4A3E-4AD6-A4F7-39E8C6EF130F}.LipidSearch|Any CPU.ActiveCfg = Release|Any CPU
		{DCC7EB3C-4A3E-4AD6-A4F7-39E8C6EF130F}.LipidSearch|Any CPU.Build.0 = Release|Any CPU
		{DCC7EB3C-4A3E-4AD6-A4F7-39E8C6EF130F}.LipidSearch|x64.ActiveCfg = Release|Any CPU
		{DCC7EB3C-4A3E-4AD6-A4F7-39E8C6EF130F}.LipidSearch|x64.Build.0 = Release|Any CPU
		{DCC7EB3C-4A3E-4AD6-A4F7-39E8C6EF130F}.LipidSearch|x86.ActiveCfg = Release|Any CPU
		{DCC7EB3C-4A3E-4AD6-A4F7-39E8C6EF130F}.LipidSearch|x86.Build.0 = Release|Any CPU
		{DCC7EB3C-4A3E-4AD6-A4F7-39E8C6EF130F}.mzkit_win32|Any CPU.ActiveCfg = Release|Any CPU
		{DCC7EB3C-4A3E-4AD6-A4F7-39E8C6EF130F}.mzkit_win32|Any CPU.Build.0 = Release|Any CPU
		{DCC7EB3C-4A3E-4AD6-A4F7-39E8C6EF130F}.mzkit_win32|x64.ActiveCfg = Release|Any CPU
		{DCC7EB3C-4A3E-4AD6-A4F7-39E8C6EF130F}.mzkit_win32|x64.Build.0 = Release|Any CPU
		{DCC7EB3C-4A3E-4AD6-A4F7-39E8C6EF130F}.mzkit_win32|x86.ActiveCfg = Release|Any CPU
		{DCC7EB3C-4A3E-4AD6-A4F7-39E8C6EF130F}.mzkit_win32|x86.Build.0 = Release|Any CPU
		{DCC7EB3C-4A3E-4AD6-A4F7-39E8C6EF130F}.mzkit|Any CPU.ActiveCfg = Release|Any CPU
		{DCC7EB3C-4A3E-4AD6-A4F7-39E8C6EF130F}.mzkit|Any CPU.Build.0 = Release|Any CPU
		{DCC7EB3C-4A3E-4AD6-A4F7-39E8C6EF130F}.mzkit|x64.ActiveCfg = Release|Any CPU
		{DCC7EB3C-4A3E-4AD6-A4F7-39E8C6EF130F}.mzkit|x64.Build.0 = Release|Any CPU
		{DCC7EB3C-4A3E-4AD6-A4F7-39E8C6EF130F}.mzkit|x86.ActiveCfg = Release|Any CPU
		{DCC7EB3C-4A3E-4AD6-A4F7-39E8C6EF130F}.mzkit|x86.Build.0 = Release|Any CPU
		{DCC7EB3C-4A3E-4AD6-A4F7-39E8C6EF130F}.NPSearch|Any CPU.ActiveCfg = Release|Any CPU
		{DCC7EB3C-4A3E-4AD6-A4F7-39E8C6EF130F}.NPSearch|Any CPU.Build.0 = Release|Any CPU
		{DCC7EB3C-4A3E-4AD6-A4F7-39E8C6EF130F}.NPSearch|x64.ActiveCfg = Release|Any CPU
		{DCC7EB3C-4A3E-4AD6-A4F7-39E8C6EF130F}.NPSearch|x64.Build.0 = Release|Any CPU
		{DCC7EB3C-4A3E-4AD6-A4F7-39E8C6EF130F}.NPSearch|x86.ActiveCfg = Release|Any CPU
		{DCC7EB3C-4A3E-4AD6-A4F7-39E8C6EF130F}.NPSearch|x86.Build.0 = Release|Any CPU
		{DCC7EB3C-4A3E-4AD6-A4F7-39E8C6EF130F}.PlantMAT|Any CPU.ActiveCfg = Release|Any CPU
		{DCC7EB3C-4A3E-4AD6-A4F7-39E8C6EF130F}.PlantMAT|Any CPU.Build.0 = Release|Any CPU
		{DCC7EB3C-4A3E-4AD6-A4F7-39E8C6EF130F}.PlantMAT|x64.ActiveCfg = Release|Any CPU
		{DCC7EB3C-4A3E-4AD6-A4F7-39E8C6EF130F}.PlantMAT|x64.Build.0 = Release|Any CPU
		{DCC7EB3C-4A3E-4AD6-A4F7-39E8C6EF130F}.PlantMAT|x86.ActiveCfg = Release|Any CPU
		{DCC7EB3C-4A3E-4AD6-A4F7-39E8C6EF130F}.PlantMAT|x86.Build.0 = Release|Any CPU
		{DCC7EB3C-4A3E-4AD6-A4F7-39E8C6EF130F}.Publish|Any CPU.ActiveCfg = Debug|Any CPU
		{DCC7EB3C-4A3E-4AD6-A4F7-39E8C6EF130F}.Publish|Any CPU.Build.0 = Debug|Any CPU
		{DCC7EB3C-4A3E-4AD6-A4F7-39E8C6EF130F}.Publish|x64.ActiveCfg = Debug|Any CPU
		{DCC7EB3C-4A3E-4AD6-A4F7-39E8C6EF130F}.Publish|x64.Build.0 = Debug|Any CPU
		{DCC7EB3C-4A3E-4AD6-A4F7-39E8C6EF130F}.Publish|x86.ActiveCfg = Debug|Any CPU
		{DCC7EB3C-4A3E-4AD6-A4F7-39E8C6EF130F}.Publish|x86.Build.0 = Debug|Any CPU
		{DCC7EB3C-4A3E-4AD6-A4F7-39E8C6EF130F}.Release|Any CPU.ActiveCfg = Release|Any CPU
		{DCC7EB3C-4A3E-4AD6-A4F7-39E8C6EF130F}.Release|Any CPU.Build.0 = Release|Any CPU
		{DCC7EB3C-4A3E-4AD6-A4F7-39E8C6EF130F}.Release|x64.ActiveCfg = Release|Any CPU
		{DCC7EB3C-4A3E-4AD6-A4F7-39E8C6EF130F}.Release|x64.Build.0 = Release|Any CPU
		{DCC7EB3C-4A3E-4AD6-A4F7-39E8C6EF130F}.Release|x86.ActiveCfg = Release|Any CPU
		{DCC7EB3C-4A3E-4AD6-A4F7-39E8C6EF130F}.Release|x86.Build.0 = Release|Any CPU
		{DCC7EB3C-4A3E-4AD6-A4F7-39E8C6EF130F}.Release2|Any CPU.ActiveCfg = Release|Any CPU
		{DCC7EB3C-4A3E-4AD6-A4F7-39E8C6EF130F}.Release2|Any CPU.Build.0 = Release|Any CPU
		{DCC7EB3C-4A3E-4AD6-A4F7-39E8C6EF130F}.Release2|x64.ActiveCfg = Release|Any CPU
		{DCC7EB3C-4A3E-4AD6-A4F7-39E8C6EF130F}.Release2|x64.Build.0 = Release|Any CPU
		{DCC7EB3C-4A3E-4AD6-A4F7-39E8C6EF130F}.Release2|x86.ActiveCfg = Release|Any CPU
		{DCC7EB3C-4A3E-4AD6-A4F7-39E8C6EF130F}.Release2|x86.Build.0 = Release|Any CPU
		{DCC7EB3C-4A3E-4AD6-A4F7-39E8C6EF130F}.Rsharp_app_release|Any CPU.ActiveCfg = Release|Any CPU
		{DCC7EB3C-4A3E-4AD6-A4F7-39E8C6EF130F}.Rsharp_app_release|Any CPU.Build.0 = Release|Any CPU
		{DCC7EB3C-4A3E-4AD6-A4F7-39E8C6EF130F}.Rsharp_app_release|x64.ActiveCfg = Release|Any CPU
		{DCC7EB3C-4A3E-4AD6-A4F7-39E8C6EF130F}.Rsharp_app_release|x64.Build.0 = Release|Any CPU
		{DCC7EB3C-4A3E-4AD6-A4F7-39E8C6EF130F}.Rsharp_app_release|x86.ActiveCfg = Release|Any CPU
		{DCC7EB3C-4A3E-4AD6-A4F7-39E8C6EF130F}.Rsharp_app_release|x86.Build.0 = Release|Any CPU
		{2E058020-0B17-4AC3-AABB-CB7B5827D341}.Biodeep|Any CPU.ActiveCfg = Debug|Any CPU
		{2E058020-0B17-4AC3-AABB-CB7B5827D341}.Biodeep|Any CPU.Build.0 = Debug|Any CPU
		{2E058020-0B17-4AC3-AABB-CB7B5827D341}.Biodeep|x64.ActiveCfg = Debug|x64
		{2E058020-0B17-4AC3-AABB-CB7B5827D341}.Biodeep|x64.Build.0 = Debug|x64
		{2E058020-0B17-4AC3-AABB-CB7B5827D341}.Biodeep|x86.ActiveCfg = Debug|x86
		{2E058020-0B17-4AC3-AABB-CB7B5827D341}.Biodeep|x86.Build.0 = Debug|x86
		{2E058020-0B17-4AC3-AABB-CB7B5827D341}.Debug|Any CPU.ActiveCfg = Debug|Any CPU
		{2E058020-0B17-4AC3-AABB-CB7B5827D341}.Debug|Any CPU.Build.0 = Debug|Any CPU
		{2E058020-0B17-4AC3-AABB-CB7B5827D341}.Debug|x64.ActiveCfg = Debug|x64
		{2E058020-0B17-4AC3-AABB-CB7B5827D341}.Debug|x64.Build.0 = Debug|x64
		{2E058020-0B17-4AC3-AABB-CB7B5827D341}.Debug|x86.ActiveCfg = Debug|x86
		{2E058020-0B17-4AC3-AABB-CB7B5827D341}.Debug|x86.Build.0 = Debug|x86
		{2E058020-0B17-4AC3-AABB-CB7B5827D341}.Docker|Any CPU.ActiveCfg = Docker|Any CPU
		{2E058020-0B17-4AC3-AABB-CB7B5827D341}.Docker|Any CPU.Build.0 = Docker|Any CPU
		{2E058020-0B17-4AC3-AABB-CB7B5827D341}.Docker|x64.ActiveCfg = Docker|x64
		{2E058020-0B17-4AC3-AABB-CB7B5827D341}.Docker|x64.Build.0 = Docker|x64
		{2E058020-0B17-4AC3-AABB-CB7B5827D341}.Docker|x86.ActiveCfg = Docker|x86
		{2E058020-0B17-4AC3-AABB-CB7B5827D341}.Docker|x86.Build.0 = Docker|x86
		{2E058020-0B17-4AC3-AABB-CB7B5827D341}.docs|Any CPU.ActiveCfg = Docker|Any CPU
		{2E058020-0B17-4AC3-AABB-CB7B5827D341}.docs|Any CPU.Build.0 = Docker|Any CPU
		{2E058020-0B17-4AC3-AABB-CB7B5827D341}.docs|x64.ActiveCfg = Docker|x64
		{2E058020-0B17-4AC3-AABB-CB7B5827D341}.docs|x64.Build.0 = Docker|x64
		{2E058020-0B17-4AC3-AABB-CB7B5827D341}.docs|x86.ActiveCfg = Docker|x86
		{2E058020-0B17-4AC3-AABB-CB7B5827D341}.docs|x86.Build.0 = Docker|x86
		{2E058020-0B17-4AC3-AABB-CB7B5827D341}.GCModeller(Release_X64)|Any CPU.ActiveCfg = gcmodeller_desktop|Any CPU
		{2E058020-0B17-4AC3-AABB-CB7B5827D341}.GCModeller(Release_X64)|Any CPU.Build.0 = gcmodeller_desktop|Any CPU
		{2E058020-0B17-4AC3-AABB-CB7B5827D341}.GCModeller(Release_X64)|x64.ActiveCfg = gcmodeller_desktop|x64
		{2E058020-0B17-4AC3-AABB-CB7B5827D341}.GCModeller(Release_X64)|x64.Build.0 = gcmodeller_desktop|x64
		{2E058020-0B17-4AC3-AABB-CB7B5827D341}.GCModeller(Release_X64)|x86.ActiveCfg = gcmodeller_desktop|x86
		{2E058020-0B17-4AC3-AABB-CB7B5827D341}.GCModeller(Release_X64)|x86.Build.0 = gcmodeller_desktop|x86
		{2E058020-0B17-4AC3-AABB-CB7B5827D341}.GCModeller(UNIX-Release_X64)|Any CPU.ActiveCfg = gcmodeller_desktop|Any CPU
		{2E058020-0B17-4AC3-AABB-CB7B5827D341}.GCModeller(UNIX-Release_X64)|Any CPU.Build.0 = gcmodeller_desktop|Any CPU
		{2E058020-0B17-4AC3-AABB-CB7B5827D341}.GCModeller(UNIX-Release_X64)|x64.ActiveCfg = gcmodeller_desktop|x64
		{2E058020-0B17-4AC3-AABB-CB7B5827D341}.GCModeller(UNIX-Release_X64)|x64.Build.0 = gcmodeller_desktop|x64
		{2E058020-0B17-4AC3-AABB-CB7B5827D341}.GCModeller(UNIX-Release_X64)|x86.ActiveCfg = gcmodeller_desktop|x86
		{2E058020-0B17-4AC3-AABB-CB7B5827D341}.GCModeller(UNIX-Release_X64)|x86.Build.0 = gcmodeller_desktop|x86
		{2E058020-0B17-4AC3-AABB-CB7B5827D341}.gcmodeller_desktop|Any CPU.ActiveCfg = gcmodeller_desktop|Any CPU
		{2E058020-0B17-4AC3-AABB-CB7B5827D341}.gcmodeller_desktop|Any CPU.Build.0 = gcmodeller_desktop|Any CPU
		{2E058020-0B17-4AC3-AABB-CB7B5827D341}.gcmodeller_desktop|x64.ActiveCfg = gcmodeller_desktop|x64
		{2E058020-0B17-4AC3-AABB-CB7B5827D341}.gcmodeller_desktop|x64.Build.0 = gcmodeller_desktop|x64
		{2E058020-0B17-4AC3-AABB-CB7B5827D341}.gcmodeller_desktop|x86.ActiveCfg = gcmodeller_desktop|x86
		{2E058020-0B17-4AC3-AABB-CB7B5827D341}.gcmodeller_desktop|x86.Build.0 = gcmodeller_desktop|x86
		{2E058020-0B17-4AC3-AABB-CB7B5827D341}.installer_x64|Any CPU.ActiveCfg = Debug|Any CPU
		{2E058020-0B17-4AC3-AABB-CB7B5827D341}.installer_x64|Any CPU.Build.0 = Debug|Any CPU
		{2E058020-0B17-4AC3-AABB-CB7B5827D341}.installer_x64|x64.ActiveCfg = Debug|x64
		{2E058020-0B17-4AC3-AABB-CB7B5827D341}.installer_x64|x64.Build.0 = Debug|x64
		{2E058020-0B17-4AC3-AABB-CB7B5827D341}.installer_x64|x86.ActiveCfg = Debug|x86
		{2E058020-0B17-4AC3-AABB-CB7B5827D341}.installer_x64|x86.Build.0 = Debug|x86
		{2E058020-0B17-4AC3-AABB-CB7B5827D341}.LipidSearch|Any CPU.ActiveCfg = LipidSearch|Any CPU
		{2E058020-0B17-4AC3-AABB-CB7B5827D341}.LipidSearch|Any CPU.Build.0 = LipidSearch|Any CPU
		{2E058020-0B17-4AC3-AABB-CB7B5827D341}.LipidSearch|x64.ActiveCfg = LipidSearch|x64
		{2E058020-0B17-4AC3-AABB-CB7B5827D341}.LipidSearch|x64.Build.0 = LipidSearch|x64
		{2E058020-0B17-4AC3-AABB-CB7B5827D341}.LipidSearch|x86.ActiveCfg = LipidSearch|x86
		{2E058020-0B17-4AC3-AABB-CB7B5827D341}.LipidSearch|x86.Build.0 = LipidSearch|x86
		{2E058020-0B17-4AC3-AABB-CB7B5827D341}.mzkit_win32|Any CPU.ActiveCfg = mzkit_win32|Any CPU
		{2E058020-0B17-4AC3-AABB-CB7B5827D341}.mzkit_win32|Any CPU.Build.0 = mzkit_win32|Any CPU
		{2E058020-0B17-4AC3-AABB-CB7B5827D341}.mzkit_win32|x64.ActiveCfg = mzkit_win32|x64
		{2E058020-0B17-4AC3-AABB-CB7B5827D341}.mzkit_win32|x64.Build.0 = mzkit_win32|x64
		{2E058020-0B17-4AC3-AABB-CB7B5827D341}.mzkit_win32|x86.ActiveCfg = mzkit_win32|x86
		{2E058020-0B17-4AC3-AABB-CB7B5827D341}.mzkit_win32|x86.Build.0 = mzkit_win32|x86
		{2E058020-0B17-4AC3-AABB-CB7B5827D341}.mzkit|Any CPU.ActiveCfg = mzkit|Any CPU
		{2E058020-0B17-4AC3-AABB-CB7B5827D341}.mzkit|Any CPU.Build.0 = mzkit|Any CPU
		{2E058020-0B17-4AC3-AABB-CB7B5827D341}.mzkit|x64.ActiveCfg = mzkit|x64
		{2E058020-0B17-4AC3-AABB-CB7B5827D341}.mzkit|x64.Build.0 = mzkit|x64
		{2E058020-0B17-4AC3-AABB-CB7B5827D341}.mzkit|x86.ActiveCfg = mzkit|x86
		{2E058020-0B17-4AC3-AABB-CB7B5827D341}.mzkit|x86.Build.0 = mzkit|x86
		{2E058020-0B17-4AC3-AABB-CB7B5827D341}.NPSearch|Any CPU.ActiveCfg = NPSearch|Any CPU
		{2E058020-0B17-4AC3-AABB-CB7B5827D341}.NPSearch|Any CPU.Build.0 = NPSearch|Any CPU
		{2E058020-0B17-4AC3-AABB-CB7B5827D341}.NPSearch|x64.ActiveCfg = NPSearch|x64
		{2E058020-0B17-4AC3-AABB-CB7B5827D341}.NPSearch|x64.Build.0 = NPSearch|x64
		{2E058020-0B17-4AC3-AABB-CB7B5827D341}.NPSearch|x86.ActiveCfg = NPSearch|x86
		{2E058020-0B17-4AC3-AABB-CB7B5827D341}.NPSearch|x86.Build.0 = NPSearch|x86
		{2E058020-0B17-4AC3-AABB-CB7B5827D341}.PlantMAT|Any CPU.ActiveCfg = PlantMAT|Any CPU
		{2E058020-0B17-4AC3-AABB-CB7B5827D341}.PlantMAT|Any CPU.Build.0 = PlantMAT|Any CPU
		{2E058020-0B17-4AC3-AABB-CB7B5827D341}.PlantMAT|x64.ActiveCfg = PlantMAT|x64
		{2E058020-0B17-4AC3-AABB-CB7B5827D341}.PlantMAT|x64.Build.0 = PlantMAT|x64
		{2E058020-0B17-4AC3-AABB-CB7B5827D341}.PlantMAT|x86.ActiveCfg = PlantMAT|x86
		{2E058020-0B17-4AC3-AABB-CB7B5827D341}.PlantMAT|x86.Build.0 = PlantMAT|x86
		{2E058020-0B17-4AC3-AABB-CB7B5827D341}.Publish|Any CPU.ActiveCfg = PlantMAT|Any CPU
		{2E058020-0B17-4AC3-AABB-CB7B5827D341}.Publish|Any CPU.Build.0 = PlantMAT|Any CPU
		{2E058020-0B17-4AC3-AABB-CB7B5827D341}.Publish|x64.ActiveCfg = PlantMAT|x64
		{2E058020-0B17-4AC3-AABB-CB7B5827D341}.Publish|x64.Build.0 = PlantMAT|x64
		{2E058020-0B17-4AC3-AABB-CB7B5827D341}.Publish|x86.ActiveCfg = PlantMAT|x86
		{2E058020-0B17-4AC3-AABB-CB7B5827D341}.Publish|x86.Build.0 = PlantMAT|x86
		{2E058020-0B17-4AC3-AABB-CB7B5827D341}.Release|Any CPU.ActiveCfg = Release|Any CPU
		{2E058020-0B17-4AC3-AABB-CB7B5827D341}.Release|Any CPU.Build.0 = Release|Any CPU
		{2E058020-0B17-4AC3-AABB-CB7B5827D341}.Release|x64.ActiveCfg = Release|x64
		{2E058020-0B17-4AC3-AABB-CB7B5827D341}.Release|x64.Build.0 = Release|x64
		{2E058020-0B17-4AC3-AABB-CB7B5827D341}.Release|x86.ActiveCfg = Release|x86
		{2E058020-0B17-4AC3-AABB-CB7B5827D341}.Release|x86.Build.0 = Release|x86
		{2E058020-0B17-4AC3-AABB-CB7B5827D341}.Release2|Any CPU.ActiveCfg = Rsharp_app_release|Any CPU
		{2E058020-0B17-4AC3-AABB-CB7B5827D341}.Release2|Any CPU.Build.0 = Rsharp_app_release|Any CPU
		{2E058020-0B17-4AC3-AABB-CB7B5827D341}.Release2|x64.ActiveCfg = Rsharp_app_release|x64
		{2E058020-0B17-4AC3-AABB-CB7B5827D341}.Release2|x64.Build.0 = Rsharp_app_release|x64
		{2E058020-0B17-4AC3-AABB-CB7B5827D341}.Release2|x86.ActiveCfg = Rsharp_app_release|x86
		{2E058020-0B17-4AC3-AABB-CB7B5827D341}.Release2|x86.Build.0 = Rsharp_app_release|x86
		{2E058020-0B17-4AC3-AABB-CB7B5827D341}.Rsharp_app_release|Any CPU.ActiveCfg = Rsharp_app_release|Any CPU
		{2E058020-0B17-4AC3-AABB-CB7B5827D341}.Rsharp_app_release|Any CPU.Build.0 = Rsharp_app_release|Any CPU
		{2E058020-0B17-4AC3-AABB-CB7B5827D341}.Rsharp_app_release|x64.ActiveCfg = Rsharp_app_release|x64
		{2E058020-0B17-4AC3-AABB-CB7B5827D341}.Rsharp_app_release|x64.Build.0 = Rsharp_app_release|x64
		{2E058020-0B17-4AC3-AABB-CB7B5827D341}.Rsharp_app_release|x86.ActiveCfg = Rsharp_app_release|x86
		{2E058020-0B17-4AC3-AABB-CB7B5827D341}.Rsharp_app_release|x86.Build.0 = Rsharp_app_release|x86
		{FAFBDABF-5496-4DE3-84E3-2B5FD1921647}.Biodeep|Any CPU.ActiveCfg = Debug|Any CPU
		{FAFBDABF-5496-4DE3-84E3-2B5FD1921647}.Biodeep|Any CPU.Build.0 = Debug|Any CPU
		{FAFBDABF-5496-4DE3-84E3-2B5FD1921647}.Biodeep|x64.ActiveCfg = Debug|x64
		{FAFBDABF-5496-4DE3-84E3-2B5FD1921647}.Biodeep|x64.Build.0 = Debug|x64
		{FAFBDABF-5496-4DE3-84E3-2B5FD1921647}.Biodeep|x86.ActiveCfg = Debug|Any CPU
		{FAFBDABF-5496-4DE3-84E3-2B5FD1921647}.Biodeep|x86.Build.0 = Debug|Any CPU
		{FAFBDABF-5496-4DE3-84E3-2B5FD1921647}.Debug|Any CPU.ActiveCfg = Debug|Any CPU
		{FAFBDABF-5496-4DE3-84E3-2B5FD1921647}.Debug|Any CPU.Build.0 = Debug|Any CPU
		{FAFBDABF-5496-4DE3-84E3-2B5FD1921647}.Debug|x64.ActiveCfg = Debug|x64
		{FAFBDABF-5496-4DE3-84E3-2B5FD1921647}.Debug|x64.Build.0 = Debug|x64
		{FAFBDABF-5496-4DE3-84E3-2B5FD1921647}.Debug|x86.ActiveCfg = Debug|Any CPU
		{FAFBDABF-5496-4DE3-84E3-2B5FD1921647}.Debug|x86.Build.0 = Debug|Any CPU
		{FAFBDABF-5496-4DE3-84E3-2B5FD1921647}.Docker|Any CPU.ActiveCfg = Debug|Any CPU
		{FAFBDABF-5496-4DE3-84E3-2B5FD1921647}.Docker|Any CPU.Build.0 = Debug|Any CPU
		{FAFBDABF-5496-4DE3-84E3-2B5FD1921647}.Docker|x64.ActiveCfg = Debug|x64
		{FAFBDABF-5496-4DE3-84E3-2B5FD1921647}.Docker|x64.Build.0 = Debug|x64
		{FAFBDABF-5496-4DE3-84E3-2B5FD1921647}.Docker|x86.ActiveCfg = Debug|Any CPU
		{FAFBDABF-5496-4DE3-84E3-2B5FD1921647}.Docker|x86.Build.0 = Debug|Any CPU
		{FAFBDABF-5496-4DE3-84E3-2B5FD1921647}.docs|Any CPU.ActiveCfg = Debug|Any CPU
		{FAFBDABF-5496-4DE3-84E3-2B5FD1921647}.docs|Any CPU.Build.0 = Debug|Any CPU
		{FAFBDABF-5496-4DE3-84E3-2B5FD1921647}.docs|x64.ActiveCfg = Debug|x64
		{FAFBDABF-5496-4DE3-84E3-2B5FD1921647}.docs|x64.Build.0 = Debug|x64
		{FAFBDABF-5496-4DE3-84E3-2B5FD1921647}.docs|x86.ActiveCfg = Debug|Any CPU
		{FAFBDABF-5496-4DE3-84E3-2B5FD1921647}.docs|x86.Build.0 = Debug|Any CPU
		{FAFBDABF-5496-4DE3-84E3-2B5FD1921647}.GCModeller(Release_X64)|Any CPU.ActiveCfg = gcmodeller_desktop|Any CPU
		{FAFBDABF-5496-4DE3-84E3-2B5FD1921647}.GCModeller(Release_X64)|Any CPU.Build.0 = gcmodeller_desktop|Any CPU
		{FAFBDABF-5496-4DE3-84E3-2B5FD1921647}.GCModeller(Release_X64)|x64.ActiveCfg = gcmodeller_desktop|x64
		{FAFBDABF-5496-4DE3-84E3-2B5FD1921647}.GCModeller(Release_X64)|x64.Build.0 = gcmodeller_desktop|x64
		{FAFBDABF-5496-4DE3-84E3-2B5FD1921647}.GCModeller(Release_X64)|x86.ActiveCfg = gcmodeller_desktop|Any CPU
		{FAFBDABF-5496-4DE3-84E3-2B5FD1921647}.GCModeller(Release_X64)|x86.Build.0 = gcmodeller_desktop|Any CPU
		{FAFBDABF-5496-4DE3-84E3-2B5FD1921647}.GCModeller(UNIX-Release_X64)|Any CPU.ActiveCfg = gcmodeller_desktop|Any CPU
		{FAFBDABF-5496-4DE3-84E3-2B5FD1921647}.GCModeller(UNIX-Release_X64)|Any CPU.Build.0 = gcmodeller_desktop|Any CPU
		{FAFBDABF-5496-4DE3-84E3-2B5FD1921647}.GCModeller(UNIX-Release_X64)|x64.ActiveCfg = gcmodeller_desktop|x64
		{FAFBDABF-5496-4DE3-84E3-2B5FD1921647}.GCModeller(UNIX-Release_X64)|x64.Build.0 = gcmodeller_desktop|x64
		{FAFBDABF-5496-4DE3-84E3-2B5FD1921647}.GCModeller(UNIX-Release_X64)|x86.ActiveCfg = gcmodeller_desktop|Any CPU
		{FAFBDABF-5496-4DE3-84E3-2B5FD1921647}.GCModeller(UNIX-Release_X64)|x86.Build.0 = gcmodeller_desktop|Any CPU
		{FAFBDABF-5496-4DE3-84E3-2B5FD1921647}.gcmodeller_desktop|Any CPU.ActiveCfg = gcmodeller_desktop|Any CPU
		{FAFBDABF-5496-4DE3-84E3-2B5FD1921647}.gcmodeller_desktop|Any CPU.Build.0 = gcmodeller_desktop|Any CPU
		{FAFBDABF-5496-4DE3-84E3-2B5FD1921647}.gcmodeller_desktop|x64.ActiveCfg = gcmodeller_desktop|x64
		{FAFBDABF-5496-4DE3-84E3-2B5FD1921647}.gcmodeller_desktop|x64.Build.0 = gcmodeller_desktop|x64
		{FAFBDABF-5496-4DE3-84E3-2B5FD1921647}.gcmodeller_desktop|x86.ActiveCfg = gcmodeller_desktop|Any CPU
		{FAFBDABF-5496-4DE3-84E3-2B5FD1921647}.gcmodeller_desktop|x86.Build.0 = gcmodeller_desktop|Any CPU
		{FAFBDABF-5496-4DE3-84E3-2B5FD1921647}.installer_x64|Any CPU.ActiveCfg = Debug|Any CPU
		{FAFBDABF-5496-4DE3-84E3-2B5FD1921647}.installer_x64|Any CPU.Build.0 = Debug|Any CPU
		{FAFBDABF-5496-4DE3-84E3-2B5FD1921647}.installer_x64|x64.ActiveCfg = Debug|x64
		{FAFBDABF-5496-4DE3-84E3-2B5FD1921647}.installer_x64|x64.Build.0 = Debug|x64
		{FAFBDABF-5496-4DE3-84E3-2B5FD1921647}.installer_x64|x86.ActiveCfg = Debug|Any CPU
		{FAFBDABF-5496-4DE3-84E3-2B5FD1921647}.installer_x64|x86.Build.0 = Debug|Any CPU
		{FAFBDABF-5496-4DE3-84E3-2B5FD1921647}.LipidSearch|Any CPU.ActiveCfg = LipidSearch|Any CPU
		{FAFBDABF-5496-4DE3-84E3-2B5FD1921647}.LipidSearch|Any CPU.Build.0 = LipidSearch|Any CPU
		{FAFBDABF-5496-4DE3-84E3-2B5FD1921647}.LipidSearch|x64.ActiveCfg = LipidSearch|x64
		{FAFBDABF-5496-4DE3-84E3-2B5FD1921647}.LipidSearch|x64.Build.0 = LipidSearch|x64
		{FAFBDABF-5496-4DE3-84E3-2B5FD1921647}.LipidSearch|x86.ActiveCfg = LipidSearch|Any CPU
		{FAFBDABF-5496-4DE3-84E3-2B5FD1921647}.LipidSearch|x86.Build.0 = LipidSearch|Any CPU
		{FAFBDABF-5496-4DE3-84E3-2B5FD1921647}.mzkit_win32|Any CPU.ActiveCfg = mzkit|Any CPU
		{FAFBDABF-5496-4DE3-84E3-2B5FD1921647}.mzkit_win32|Any CPU.Build.0 = mzkit|Any CPU
		{FAFBDABF-5496-4DE3-84E3-2B5FD1921647}.mzkit_win32|x64.ActiveCfg = mzkit|x64
		{FAFBDABF-5496-4DE3-84E3-2B5FD1921647}.mzkit_win32|x64.Build.0 = mzkit|x64
		{FAFBDABF-5496-4DE3-84E3-2B5FD1921647}.mzkit_win32|x86.ActiveCfg = mzkit|Any CPU
		{FAFBDABF-5496-4DE3-84E3-2B5FD1921647}.mzkit_win32|x86.Build.0 = mzkit|Any CPU
		{FAFBDABF-5496-4DE3-84E3-2B5FD1921647}.mzkit|Any CPU.ActiveCfg = mzkit|Any CPU
		{FAFBDABF-5496-4DE3-84E3-2B5FD1921647}.mzkit|Any CPU.Build.0 = mzkit|Any CPU
		{FAFBDABF-5496-4DE3-84E3-2B5FD1921647}.mzkit|x64.ActiveCfg = mzkit|x64
		{FAFBDABF-5496-4DE3-84E3-2B5FD1921647}.mzkit|x64.Build.0 = mzkit|x64
		{FAFBDABF-5496-4DE3-84E3-2B5FD1921647}.mzkit|x86.ActiveCfg = mzkit|Any CPU
		{FAFBDABF-5496-4DE3-84E3-2B5FD1921647}.mzkit|x86.Build.0 = mzkit|Any CPU
		{FAFBDABF-5496-4DE3-84E3-2B5FD1921647}.NPSearch|Any CPU.ActiveCfg = NPSearch|Any CPU
		{FAFBDABF-5496-4DE3-84E3-2B5FD1921647}.NPSearch|Any CPU.Build.0 = NPSearch|Any CPU
		{FAFBDABF-5496-4DE3-84E3-2B5FD1921647}.NPSearch|x64.ActiveCfg = NPSearch|x64
		{FAFBDABF-5496-4DE3-84E3-2B5FD1921647}.NPSearch|x64.Build.0 = NPSearch|x64
		{FAFBDABF-5496-4DE3-84E3-2B5FD1921647}.NPSearch|x86.ActiveCfg = NPSearch|Any CPU
		{FAFBDABF-5496-4DE3-84E3-2B5FD1921647}.NPSearch|x86.Build.0 = NPSearch|Any CPU
		{FAFBDABF-5496-4DE3-84E3-2B5FD1921647}.PlantMAT|Any CPU.ActiveCfg = PlantMAT|Any CPU
		{FAFBDABF-5496-4DE3-84E3-2B5FD1921647}.PlantMAT|Any CPU.Build.0 = PlantMAT|Any CPU
		{FAFBDABF-5496-4DE3-84E3-2B5FD1921647}.PlantMAT|x64.ActiveCfg = PlantMAT|x64
		{FAFBDABF-5496-4DE3-84E3-2B5FD1921647}.PlantMAT|x64.Build.0 = PlantMAT|x64
		{FAFBDABF-5496-4DE3-84E3-2B5FD1921647}.PlantMAT|x86.ActiveCfg = PlantMAT|Any CPU
		{FAFBDABF-5496-4DE3-84E3-2B5FD1921647}.PlantMAT|x86.Build.0 = PlantMAT|Any CPU
		{FAFBDABF-5496-4DE3-84E3-2B5FD1921647}.Publish|Any CPU.ActiveCfg = PlantMAT|Any CPU
		{FAFBDABF-5496-4DE3-84E3-2B5FD1921647}.Publish|Any CPU.Build.0 = PlantMAT|Any CPU
		{FAFBDABF-5496-4DE3-84E3-2B5FD1921647}.Publish|x64.ActiveCfg = PlantMAT|x64
		{FAFBDABF-5496-4DE3-84E3-2B5FD1921647}.Publish|x64.Build.0 = PlantMAT|x64
		{FAFBDABF-5496-4DE3-84E3-2B5FD1921647}.Publish|x86.ActiveCfg = PlantMAT|Any CPU
		{FAFBDABF-5496-4DE3-84E3-2B5FD1921647}.Publish|x86.Build.0 = PlantMAT|Any CPU
		{FAFBDABF-5496-4DE3-84E3-2B5FD1921647}.Release|Any CPU.ActiveCfg = Release|Any CPU
		{FAFBDABF-5496-4DE3-84E3-2B5FD1921647}.Release|Any CPU.Build.0 = Release|Any CPU
		{FAFBDABF-5496-4DE3-84E3-2B5FD1921647}.Release|x64.ActiveCfg = Release|x64
		{FAFBDABF-5496-4DE3-84E3-2B5FD1921647}.Release|x64.Build.0 = Release|x64
		{FAFBDABF-5496-4DE3-84E3-2B5FD1921647}.Release|x86.ActiveCfg = Release|Any CPU
		{FAFBDABF-5496-4DE3-84E3-2B5FD1921647}.Release|x86.Build.0 = Release|Any CPU
		{FAFBDABF-5496-4DE3-84E3-2B5FD1921647}.Release2|Any CPU.ActiveCfg = Rsharp_app_release|Any CPU
		{FAFBDABF-5496-4DE3-84E3-2B5FD1921647}.Release2|Any CPU.Build.0 = Rsharp_app_release|Any CPU
		{FAFBDABF-5496-4DE3-84E3-2B5FD1921647}.Release2|x64.ActiveCfg = Rsharp_app_release|x64
		{FAFBDABF-5496-4DE3-84E3-2B5FD1921647}.Release2|x64.Build.0 = Rsharp_app_release|x64
		{FAFBDABF-5496-4DE3-84E3-2B5FD1921647}.Release2|x86.ActiveCfg = Rsharp_app_release|Any CPU
		{FAFBDABF-5496-4DE3-84E3-2B5FD1921647}.Release2|x86.Build.0 = Rsharp_app_release|Any CPU
		{FAFBDABF-5496-4DE3-84E3-2B5FD1921647}.Rsharp_app_release|Any CPU.ActiveCfg = Rsharp_app_release|Any CPU
		{FAFBDABF-5496-4DE3-84E3-2B5FD1921647}.Rsharp_app_release|Any CPU.Build.0 = Rsharp_app_release|Any CPU
		{FAFBDABF-5496-4DE3-84E3-2B5FD1921647}.Rsharp_app_release|x64.ActiveCfg = Rsharp_app_release|x64
		{FAFBDABF-5496-4DE3-84E3-2B5FD1921647}.Rsharp_app_release|x64.Build.0 = Rsharp_app_release|x64
		{FAFBDABF-5496-4DE3-84E3-2B5FD1921647}.Rsharp_app_release|x86.ActiveCfg = Rsharp_app_release|Any CPU
		{FAFBDABF-5496-4DE3-84E3-2B5FD1921647}.Rsharp_app_release|x86.Build.0 = Rsharp_app_release|Any CPU
		{E9915610-7FB3-4D2A-A097-811FFEFB9F85}.Biodeep|Any CPU.ActiveCfg = Debug|Any CPU
		{E9915610-7FB3-4D2A-A097-811FFEFB9F85}.Biodeep|Any CPU.Build.0 = Debug|Any CPU
		{E9915610-7FB3-4D2A-A097-811FFEFB9F85}.Biodeep|x64.ActiveCfg = Debug|x64
		{E9915610-7FB3-4D2A-A097-811FFEFB9F85}.Biodeep|x64.Build.0 = Debug|x64
		{E9915610-7FB3-4D2A-A097-811FFEFB9F85}.Biodeep|x86.ActiveCfg = Debug|Any CPU
		{E9915610-7FB3-4D2A-A097-811FFEFB9F85}.Biodeep|x86.Build.0 = Debug|Any CPU
		{E9915610-7FB3-4D2A-A097-811FFEFB9F85}.Debug|Any CPU.ActiveCfg = Debug|Any CPU
		{E9915610-7FB3-4D2A-A097-811FFEFB9F85}.Debug|Any CPU.Build.0 = Debug|Any CPU
		{E9915610-7FB3-4D2A-A097-811FFEFB9F85}.Debug|x64.ActiveCfg = Debug|x64
		{E9915610-7FB3-4D2A-A097-811FFEFB9F85}.Debug|x64.Build.0 = Debug|x64
		{E9915610-7FB3-4D2A-A097-811FFEFB9F85}.Debug|x86.ActiveCfg = Debug|Any CPU
		{E9915610-7FB3-4D2A-A097-811FFEFB9F85}.Debug|x86.Build.0 = Debug|Any CPU
		{E9915610-7FB3-4D2A-A097-811FFEFB9F85}.Docker|Any CPU.ActiveCfg = Debug|Any CPU
		{E9915610-7FB3-4D2A-A097-811FFEFB9F85}.Docker|Any CPU.Build.0 = Debug|Any CPU
		{E9915610-7FB3-4D2A-A097-811FFEFB9F85}.Docker|x64.ActiveCfg = Debug|x64
		{E9915610-7FB3-4D2A-A097-811FFEFB9F85}.Docker|x64.Build.0 = Debug|x64
		{E9915610-7FB3-4D2A-A097-811FFEFB9F85}.Docker|x86.ActiveCfg = Debug|Any CPU
		{E9915610-7FB3-4D2A-A097-811FFEFB9F85}.Docker|x86.Build.0 = Debug|Any CPU
		{E9915610-7FB3-4D2A-A097-811FFEFB9F85}.docs|Any CPU.ActiveCfg = Debug|Any CPU
		{E9915610-7FB3-4D2A-A097-811FFEFB9F85}.docs|Any CPU.Build.0 = Debug|Any CPU
		{E9915610-7FB3-4D2A-A097-811FFEFB9F85}.docs|x64.ActiveCfg = Debug|x64
		{E9915610-7FB3-4D2A-A097-811FFEFB9F85}.docs|x64.Build.0 = Debug|x64
		{E9915610-7FB3-4D2A-A097-811FFEFB9F85}.docs|x86.ActiveCfg = Debug|Any CPU
		{E9915610-7FB3-4D2A-A097-811FFEFB9F85}.docs|x86.Build.0 = Debug|Any CPU
		{E9915610-7FB3-4D2A-A097-811FFEFB9F85}.GCModeller(Release_X64)|Any CPU.ActiveCfg = gcmodeller_desktop|Any CPU
		{E9915610-7FB3-4D2A-A097-811FFEFB9F85}.GCModeller(Release_X64)|Any CPU.Build.0 = gcmodeller_desktop|Any CPU
		{E9915610-7FB3-4D2A-A097-811FFEFB9F85}.GCModeller(Release_X64)|x64.ActiveCfg = gcmodeller_desktop|x64
		{E9915610-7FB3-4D2A-A097-811FFEFB9F85}.GCModeller(Release_X64)|x64.Build.0 = gcmodeller_desktop|x64
		{E9915610-7FB3-4D2A-A097-811FFEFB9F85}.GCModeller(Release_X64)|x86.ActiveCfg = gcmodeller_desktop|Any CPU
		{E9915610-7FB3-4D2A-A097-811FFEFB9F85}.GCModeller(Release_X64)|x86.Build.0 = gcmodeller_desktop|Any CPU
		{E9915610-7FB3-4D2A-A097-811FFEFB9F85}.GCModeller(UNIX-Release_X64)|Any CPU.ActiveCfg = gcmodeller_desktop|Any CPU
		{E9915610-7FB3-4D2A-A097-811FFEFB9F85}.GCModeller(UNIX-Release_X64)|Any CPU.Build.0 = gcmodeller_desktop|Any CPU
		{E9915610-7FB3-4D2A-A097-811FFEFB9F85}.GCModeller(UNIX-Release_X64)|x64.ActiveCfg = gcmodeller_desktop|x64
		{E9915610-7FB3-4D2A-A097-811FFEFB9F85}.GCModeller(UNIX-Release_X64)|x64.Build.0 = gcmodeller_desktop|x64
		{E9915610-7FB3-4D2A-A097-811FFEFB9F85}.GCModeller(UNIX-Release_X64)|x86.ActiveCfg = gcmodeller_desktop|Any CPU
		{E9915610-7FB3-4D2A-A097-811FFEFB9F85}.GCModeller(UNIX-Release_X64)|x86.Build.0 = gcmodeller_desktop|Any CPU
		{E9915610-7FB3-4D2A-A097-811FFEFB9F85}.gcmodeller_desktop|Any CPU.ActiveCfg = gcmodeller_desktop|Any CPU
		{E9915610-7FB3-4D2A-A097-811FFEFB9F85}.gcmodeller_desktop|Any CPU.Build.0 = gcmodeller_desktop|Any CPU
		{E9915610-7FB3-4D2A-A097-811FFEFB9F85}.gcmodeller_desktop|x64.ActiveCfg = gcmodeller_desktop|x64
		{E9915610-7FB3-4D2A-A097-811FFEFB9F85}.gcmodeller_desktop|x64.Build.0 = gcmodeller_desktop|x64
		{E9915610-7FB3-4D2A-A097-811FFEFB9F85}.gcmodeller_desktop|x86.ActiveCfg = gcmodeller_desktop|Any CPU
		{E9915610-7FB3-4D2A-A097-811FFEFB9F85}.gcmodeller_desktop|x86.Build.0 = gcmodeller_desktop|Any CPU
		{E9915610-7FB3-4D2A-A097-811FFEFB9F85}.installer_x64|Any CPU.ActiveCfg = Debug|Any CPU
		{E9915610-7FB3-4D2A-A097-811FFEFB9F85}.installer_x64|Any CPU.Build.0 = Debug|Any CPU
		{E9915610-7FB3-4D2A-A097-811FFEFB9F85}.installer_x64|x64.ActiveCfg = Debug|x64
		{E9915610-7FB3-4D2A-A097-811FFEFB9F85}.installer_x64|x64.Build.0 = Debug|x64
		{E9915610-7FB3-4D2A-A097-811FFEFB9F85}.installer_x64|x86.ActiveCfg = Debug|Any CPU
		{E9915610-7FB3-4D2A-A097-811FFEFB9F85}.installer_x64|x86.Build.0 = Debug|Any CPU
		{E9915610-7FB3-4D2A-A097-811FFEFB9F85}.LipidSearch|Any CPU.ActiveCfg = Debug|Any CPU
		{E9915610-7FB3-4D2A-A097-811FFEFB9F85}.LipidSearch|Any CPU.Build.0 = Debug|Any CPU
		{E9915610-7FB3-4D2A-A097-811FFEFB9F85}.LipidSearch|x64.ActiveCfg = Debug|x64
		{E9915610-7FB3-4D2A-A097-811FFEFB9F85}.LipidSearch|x64.Build.0 = Debug|x64
		{E9915610-7FB3-4D2A-A097-811FFEFB9F85}.LipidSearch|x86.ActiveCfg = Debug|Any CPU
		{E9915610-7FB3-4D2A-A097-811FFEFB9F85}.LipidSearch|x86.Build.0 = Debug|Any CPU
		{E9915610-7FB3-4D2A-A097-811FFEFB9F85}.mzkit_win32|Any CPU.ActiveCfg = mzkit_win32|Any CPU
		{E9915610-7FB3-4D2A-A097-811FFEFB9F85}.mzkit_win32|Any CPU.Build.0 = mzkit_win32|Any CPU
		{E9915610-7FB3-4D2A-A097-811FFEFB9F85}.mzkit_win32|x64.ActiveCfg = mzkit_win32|x64
		{E9915610-7FB3-4D2A-A097-811FFEFB9F85}.mzkit_win32|x64.Build.0 = mzkit_win32|x64
		{E9915610-7FB3-4D2A-A097-811FFEFB9F85}.mzkit_win32|x86.ActiveCfg = mzkit_win32|Any CPU
		{E9915610-7FB3-4D2A-A097-811FFEFB9F85}.mzkit_win32|x86.Build.0 = mzkit_win32|Any CPU
		{E9915610-7FB3-4D2A-A097-811FFEFB9F85}.mzkit|Any CPU.ActiveCfg = mzkit|Any CPU
		{E9915610-7FB3-4D2A-A097-811FFEFB9F85}.mzkit|Any CPU.Build.0 = mzkit|Any CPU
		{E9915610-7FB3-4D2A-A097-811FFEFB9F85}.mzkit|x64.ActiveCfg = mzkit|x64
		{E9915610-7FB3-4D2A-A097-811FFEFB9F85}.mzkit|x64.Build.0 = mzkit|x64
		{E9915610-7FB3-4D2A-A097-811FFEFB9F85}.mzkit|x86.ActiveCfg = mzkit|Any CPU
		{E9915610-7FB3-4D2A-A097-811FFEFB9F85}.mzkit|x86.Build.0 = mzkit|Any CPU
		{E9915610-7FB3-4D2A-A097-811FFEFB9F85}.NPSearch|Any CPU.ActiveCfg = Debug|Any CPU
		{E9915610-7FB3-4D2A-A097-811FFEFB9F85}.NPSearch|Any CPU.Build.0 = Debug|Any CPU
		{E9915610-7FB3-4D2A-A097-811FFEFB9F85}.NPSearch|x64.ActiveCfg = Debug|x64
		{E9915610-7FB3-4D2A-A097-811FFEFB9F85}.NPSearch|x64.Build.0 = Debug|x64
		{E9915610-7FB3-4D2A-A097-811FFEFB9F85}.NPSearch|x86.ActiveCfg = Debug|Any CPU
		{E9915610-7FB3-4D2A-A097-811FFEFB9F85}.NPSearch|x86.Build.0 = Debug|Any CPU
		{E9915610-7FB3-4D2A-A097-811FFEFB9F85}.PlantMAT|Any CPU.ActiveCfg = Debug|Any CPU
		{E9915610-7FB3-4D2A-A097-811FFEFB9F85}.PlantMAT|Any CPU.Build.0 = Debug|Any CPU
		{E9915610-7FB3-4D2A-A097-811FFEFB9F85}.PlantMAT|x64.ActiveCfg = Debug|x64
		{E9915610-7FB3-4D2A-A097-811FFEFB9F85}.PlantMAT|x64.Build.0 = Debug|x64
		{E9915610-7FB3-4D2A-A097-811FFEFB9F85}.PlantMAT|x86.ActiveCfg = Debug|Any CPU
		{E9915610-7FB3-4D2A-A097-811FFEFB9F85}.PlantMAT|x86.Build.0 = Debug|Any CPU
		{E9915610-7FB3-4D2A-A097-811FFEFB9F85}.Publish|Any CPU.ActiveCfg = Debug|Any CPU
		{E9915610-7FB3-4D2A-A097-811FFEFB9F85}.Publish|Any CPU.Build.0 = Debug|Any CPU
		{E9915610-7FB3-4D2A-A097-811FFEFB9F85}.Publish|x64.ActiveCfg = Debug|x64
		{E9915610-7FB3-4D2A-A097-811FFEFB9F85}.Publish|x64.Build.0 = Debug|x64
		{E9915610-7FB3-4D2A-A097-811FFEFB9F85}.Publish|x86.ActiveCfg = Debug|Any CPU
		{E9915610-7FB3-4D2A-A097-811FFEFB9F85}.Publish|x86.Build.0 = Debug|Any CPU
		{E9915610-7FB3-4D2A-A097-811FFEFB9F85}.Release|Any CPU.ActiveCfg = Release|Any CPU
		{E9915610-7FB3-4D2A-A097-811FFEFB9F85}.Release|Any CPU.Build.0 = Release|Any CPU
		{E9915610-7FB3-4D2A-A097-811FFEFB9F85}.Release|x64.ActiveCfg = Release|x64
		{E9915610-7FB3-4D2A-A097-811FFEFB9F85}.Release|x64.Build.0 = Release|x64
		{E9915610-7FB3-4D2A-A097-811FFEFB9F85}.Release|x86.ActiveCfg = Release|Any CPU
		{E9915610-7FB3-4D2A-A097-811FFEFB9F85}.Release|x86.Build.0 = Release|Any CPU
		{E9915610-7FB3-4D2A-A097-811FFEFB9F85}.Release2|Any CPU.ActiveCfg = Rsharp_app_release|Any CPU
		{E9915610-7FB3-4D2A-A097-811FFEFB9F85}.Release2|Any CPU.Build.0 = Rsharp_app_release|Any CPU
		{E9915610-7FB3-4D2A-A097-811FFEFB9F85}.Release2|x64.ActiveCfg = Rsharp_app_release|x64
		{E9915610-7FB3-4D2A-A097-811FFEFB9F85}.Release2|x64.Build.0 = Rsharp_app_release|x64
		{E9915610-7FB3-4D2A-A097-811FFEFB9F85}.Release2|x86.ActiveCfg = Rsharp_app_release|Any CPU
		{E9915610-7FB3-4D2A-A097-811FFEFB9F85}.Release2|x86.Build.0 = Rsharp_app_release|Any CPU
		{E9915610-7FB3-4D2A-A097-811FFEFB9F85}.Rsharp_app_release|Any CPU.ActiveCfg = Rsharp_app_release|Any CPU
		{E9915610-7FB3-4D2A-A097-811FFEFB9F85}.Rsharp_app_release|Any CPU.Build.0 = Rsharp_app_release|Any CPU
		{E9915610-7FB3-4D2A-A097-811FFEFB9F85}.Rsharp_app_release|x64.ActiveCfg = Rsharp_app_release|x64
		{E9915610-7FB3-4D2A-A097-811FFEFB9F85}.Rsharp_app_release|x64.Build.0 = Rsharp_app_release|x64
		{E9915610-7FB3-4D2A-A097-811FFEFB9F85}.Rsharp_app_release|x86.ActiveCfg = Rsharp_app_release|Any CPU
		{E9915610-7FB3-4D2A-A097-811FFEFB9F85}.Rsharp_app_release|x86.Build.0 = Rsharp_app_release|Any CPU
		{746094D8-3B2C-42BE-8E25-2D5FD6686212}.Biodeep|Any CPU.ActiveCfg = Debug|Any CPU
		{746094D8-3B2C-42BE-8E25-2D5FD6686212}.Biodeep|Any CPU.Build.0 = Debug|Any CPU
		{746094D8-3B2C-42BE-8E25-2D5FD6686212}.Biodeep|x64.ActiveCfg = Debug|Any CPU
		{746094D8-3B2C-42BE-8E25-2D5FD6686212}.Biodeep|x64.Build.0 = Debug|Any CPU
		{746094D8-3B2C-42BE-8E25-2D5FD6686212}.Biodeep|x86.ActiveCfg = Debug|Any CPU
		{746094D8-3B2C-42BE-8E25-2D5FD6686212}.Biodeep|x86.Build.0 = Debug|Any CPU
		{746094D8-3B2C-42BE-8E25-2D5FD6686212}.Debug|Any CPU.ActiveCfg = Debug|Any CPU
		{746094D8-3B2C-42BE-8E25-2D5FD6686212}.Debug|Any CPU.Build.0 = Debug|Any CPU
		{746094D8-3B2C-42BE-8E25-2D5FD6686212}.Debug|x64.ActiveCfg = Debug|Any CPU
		{746094D8-3B2C-42BE-8E25-2D5FD6686212}.Debug|x64.Build.0 = Debug|Any CPU
		{746094D8-3B2C-42BE-8E25-2D5FD6686212}.Debug|x86.ActiveCfg = Debug|Any CPU
		{746094D8-3B2C-42BE-8E25-2D5FD6686212}.Debug|x86.Build.0 = Debug|Any CPU
		{746094D8-3B2C-42BE-8E25-2D5FD6686212}.Docker|Any CPU.ActiveCfg = Debug|Any CPU
		{746094D8-3B2C-42BE-8E25-2D5FD6686212}.Docker|Any CPU.Build.0 = Debug|Any CPU
		{746094D8-3B2C-42BE-8E25-2D5FD6686212}.Docker|x64.ActiveCfg = Debug|Any CPU
		{746094D8-3B2C-42BE-8E25-2D5FD6686212}.Docker|x64.Build.0 = Debug|Any CPU
		{746094D8-3B2C-42BE-8E25-2D5FD6686212}.Docker|x86.ActiveCfg = Debug|Any CPU
		{746094D8-3B2C-42BE-8E25-2D5FD6686212}.Docker|x86.Build.0 = Debug|Any CPU
		{746094D8-3B2C-42BE-8E25-2D5FD6686212}.docs|Any CPU.ActiveCfg = Debug|Any CPU
		{746094D8-3B2C-42BE-8E25-2D5FD6686212}.docs|Any CPU.Build.0 = Debug|Any CPU
		{746094D8-3B2C-42BE-8E25-2D5FD6686212}.docs|x64.ActiveCfg = Debug|Any CPU
		{746094D8-3B2C-42BE-8E25-2D5FD6686212}.docs|x64.Build.0 = Debug|Any CPU
		{746094D8-3B2C-42BE-8E25-2D5FD6686212}.docs|x86.ActiveCfg = Debug|Any CPU
		{746094D8-3B2C-42BE-8E25-2D5FD6686212}.docs|x86.Build.0 = Debug|Any CPU
		{746094D8-3B2C-42BE-8E25-2D5FD6686212}.GCModeller(Release_X64)|Any CPU.ActiveCfg = Release|Any CPU
		{746094D8-3B2C-42BE-8E25-2D5FD6686212}.GCModeller(Release_X64)|Any CPU.Build.0 = Release|Any CPU
		{746094D8-3B2C-42BE-8E25-2D5FD6686212}.GCModeller(Release_X64)|x64.ActiveCfg = Release|Any CPU
		{746094D8-3B2C-42BE-8E25-2D5FD6686212}.GCModeller(Release_X64)|x64.Build.0 = Release|Any CPU
		{746094D8-3B2C-42BE-8E25-2D5FD6686212}.GCModeller(Release_X64)|x86.ActiveCfg = Release|Any CPU
		{746094D8-3B2C-42BE-8E25-2D5FD6686212}.GCModeller(Release_X64)|x86.Build.0 = Release|Any CPU
		{746094D8-3B2C-42BE-8E25-2D5FD6686212}.GCModeller(UNIX-Release_X64)|Any CPU.ActiveCfg = Release|Any CPU
		{746094D8-3B2C-42BE-8E25-2D5FD6686212}.GCModeller(UNIX-Release_X64)|Any CPU.Build.0 = Release|Any CPU
		{746094D8-3B2C-42BE-8E25-2D5FD6686212}.GCModeller(UNIX-Release_X64)|x64.ActiveCfg = Release|Any CPU
		{746094D8-3B2C-42BE-8E25-2D5FD6686212}.GCModeller(UNIX-Release_X64)|x64.Build.0 = Release|Any CPU
		{746094D8-3B2C-42BE-8E25-2D5FD6686212}.GCModeller(UNIX-Release_X64)|x86.ActiveCfg = Release|Any CPU
		{746094D8-3B2C-42BE-8E25-2D5FD6686212}.GCModeller(UNIX-Release_X64)|x86.Build.0 = Release|Any CPU
		{746094D8-3B2C-42BE-8E25-2D5FD6686212}.gcmodeller_desktop|Any CPU.ActiveCfg = Debug|Any CPU
		{746094D8-3B2C-42BE-8E25-2D5FD6686212}.gcmodeller_desktop|Any CPU.Build.0 = Debug|Any CPU
		{746094D8-3B2C-42BE-8E25-2D5FD6686212}.gcmodeller_desktop|x64.ActiveCfg = Debug|Any CPU
		{746094D8-3B2C-42BE-8E25-2D5FD6686212}.gcmodeller_desktop|x64.Build.0 = Debug|Any CPU
		{746094D8-3B2C-42BE-8E25-2D5FD6686212}.gcmodeller_desktop|x86.ActiveCfg = Debug|Any CPU
		{746094D8-3B2C-42BE-8E25-2D5FD6686212}.gcmodeller_desktop|x86.Build.0 = Debug|Any CPU
		{746094D8-3B2C-42BE-8E25-2D5FD6686212}.installer_x64|Any CPU.ActiveCfg = Debug|Any CPU
		{746094D8-3B2C-42BE-8E25-2D5FD6686212}.installer_x64|Any CPU.Build.0 = Debug|Any CPU
		{746094D8-3B2C-42BE-8E25-2D5FD6686212}.installer_x64|x64.ActiveCfg = Debug|Any CPU
		{746094D8-3B2C-42BE-8E25-2D5FD6686212}.installer_x64|x64.Build.0 = Debug|Any CPU
		{746094D8-3B2C-42BE-8E25-2D5FD6686212}.installer_x64|x86.ActiveCfg = Debug|Any CPU
		{746094D8-3B2C-42BE-8E25-2D5FD6686212}.installer_x64|x86.Build.0 = Debug|Any CPU
		{746094D8-3B2C-42BE-8E25-2D5FD6686212}.LipidSearch|Any CPU.ActiveCfg = Debug|Any CPU
		{746094D8-3B2C-42BE-8E25-2D5FD6686212}.LipidSearch|Any CPU.Build.0 = Debug|Any CPU
		{746094D8-3B2C-42BE-8E25-2D5FD6686212}.LipidSearch|x64.ActiveCfg = Debug|Any CPU
		{746094D8-3B2C-42BE-8E25-2D5FD6686212}.LipidSearch|x64.Build.0 = Debug|Any CPU
		{746094D8-3B2C-42BE-8E25-2D5FD6686212}.LipidSearch|x86.ActiveCfg = Debug|Any CPU
		{746094D8-3B2C-42BE-8E25-2D5FD6686212}.LipidSearch|x86.Build.0 = Debug|Any CPU
		{746094D8-3B2C-42BE-8E25-2D5FD6686212}.mzkit_win32|Any CPU.ActiveCfg = Debug|Any CPU
		{746094D8-3B2C-42BE-8E25-2D5FD6686212}.mzkit_win32|Any CPU.Build.0 = Debug|Any CPU
		{746094D8-3B2C-42BE-8E25-2D5FD6686212}.mzkit_win32|x64.ActiveCfg = Debug|Any CPU
		{746094D8-3B2C-42BE-8E25-2D5FD6686212}.mzkit_win32|x64.Build.0 = Debug|Any CPU
		{746094D8-3B2C-42BE-8E25-2D5FD6686212}.mzkit_win32|x86.ActiveCfg = Debug|Any CPU
		{746094D8-3B2C-42BE-8E25-2D5FD6686212}.mzkit_win32|x86.Build.0 = Debug|Any CPU
		{746094D8-3B2C-42BE-8E25-2D5FD6686212}.mzkit|Any CPU.ActiveCfg = Debug|Any CPU
		{746094D8-3B2C-42BE-8E25-2D5FD6686212}.mzkit|Any CPU.Build.0 = Debug|Any CPU
		{746094D8-3B2C-42BE-8E25-2D5FD6686212}.mzkit|x64.ActiveCfg = Debug|Any CPU
		{746094D8-3B2C-42BE-8E25-2D5FD6686212}.mzkit|x64.Build.0 = Debug|Any CPU
		{746094D8-3B2C-42BE-8E25-2D5FD6686212}.mzkit|x86.ActiveCfg = Debug|Any CPU
		{746094D8-3B2C-42BE-8E25-2D5FD6686212}.mzkit|x86.Build.0 = Debug|Any CPU
		{746094D8-3B2C-42BE-8E25-2D5FD6686212}.NPSearch|Any CPU.ActiveCfg = Debug|Any CPU
		{746094D8-3B2C-42BE-8E25-2D5FD6686212}.NPSearch|Any CPU.Build.0 = Debug|Any CPU
		{746094D8-3B2C-42BE-8E25-2D5FD6686212}.NPSearch|x64.ActiveCfg = Debug|Any CPU
		{746094D8-3B2C-42BE-8E25-2D5FD6686212}.NPSearch|x64.Build.0 = Debug|Any CPU
		{746094D8-3B2C-42BE-8E25-2D5FD6686212}.NPSearch|x86.ActiveCfg = Debug|Any CPU
		{746094D8-3B2C-42BE-8E25-2D5FD6686212}.NPSearch|x86.Build.0 = Debug|Any CPU
		{746094D8-3B2C-42BE-8E25-2D5FD6686212}.PlantMAT|Any CPU.ActiveCfg = Debug|Any CPU
		{746094D8-3B2C-42BE-8E25-2D5FD6686212}.PlantMAT|Any CPU.Build.0 = Debug|Any CPU
		{746094D8-3B2C-42BE-8E25-2D5FD6686212}.PlantMAT|x64.ActiveCfg = Debug|Any CPU
		{746094D8-3B2C-42BE-8E25-2D5FD6686212}.PlantMAT|x64.Build.0 = Debug|Any CPU
		{746094D8-3B2C-42BE-8E25-2D5FD6686212}.PlantMAT|x86.ActiveCfg = Debug|Any CPU
		{746094D8-3B2C-42BE-8E25-2D5FD6686212}.PlantMAT|x86.Build.0 = Debug|Any CPU
		{746094D8-3B2C-42BE-8E25-2D5FD6686212}.Publish|Any CPU.ActiveCfg = Debug|Any CPU
		{746094D8-3B2C-42BE-8E25-2D5FD6686212}.Publish|Any CPU.Build.0 = Debug|Any CPU
		{746094D8-3B2C-42BE-8E25-2D5FD6686212}.Publish|x64.ActiveCfg = Debug|Any CPU
		{746094D8-3B2C-42BE-8E25-2D5FD6686212}.Publish|x64.Build.0 = Debug|Any CPU
		{746094D8-3B2C-42BE-8E25-2D5FD6686212}.Publish|x86.ActiveCfg = Debug|Any CPU
		{746094D8-3B2C-42BE-8E25-2D5FD6686212}.Publish|x86.Build.0 = Debug|Any CPU
		{746094D8-3B2C-42BE-8E25-2D5FD6686212}.Release|Any CPU.ActiveCfg = Release|Any CPU
		{746094D8-3B2C-42BE-8E25-2D5FD6686212}.Release|Any CPU.Build.0 = Release|Any CPU
		{746094D8-3B2C-42BE-8E25-2D5FD6686212}.Release|x64.ActiveCfg = Release|Any CPU
		{746094D8-3B2C-42BE-8E25-2D5FD6686212}.Release|x64.Build.0 = Release|Any CPU
		{746094D8-3B2C-42BE-8E25-2D5FD6686212}.Release|x86.ActiveCfg = Release|Any CPU
		{746094D8-3B2C-42BE-8E25-2D5FD6686212}.Release|x86.Build.0 = Release|Any CPU
		{746094D8-3B2C-42BE-8E25-2D5FD6686212}.Release2|Any CPU.ActiveCfg = Release|Any CPU
		{746094D8-3B2C-42BE-8E25-2D5FD6686212}.Release2|Any CPU.Build.0 = Release|Any CPU
		{746094D8-3B2C-42BE-8E25-2D5FD6686212}.Release2|x64.ActiveCfg = Release|Any CPU
		{746094D8-3B2C-42BE-8E25-2D5FD6686212}.Release2|x64.Build.0 = Release|Any CPU
		{746094D8-3B2C-42BE-8E25-2D5FD6686212}.Release2|x86.ActiveCfg = Release|Any CPU
		{746094D8-3B2C-42BE-8E25-2D5FD6686212}.Release2|x86.Build.0 = Release|Any CPU
		{746094D8-3B2C-42BE-8E25-2D5FD6686212}.Rsharp_app_release|Any CPU.ActiveCfg = Release|Any CPU
		{746094D8-3B2C-42BE-8E25-2D5FD6686212}.Rsharp_app_release|Any CPU.Build.0 = Release|Any CPU
		{746094D8-3B2C-42BE-8E25-2D5FD6686212}.Rsharp_app_release|x64.ActiveCfg = Release|Any CPU
		{746094D8-3B2C-42BE-8E25-2D5FD6686212}.Rsharp_app_release|x64.Build.0 = Release|Any CPU
		{746094D8-3B2C-42BE-8E25-2D5FD6686212}.Rsharp_app_release|x86.ActiveCfg = Release|Any CPU
		{746094D8-3B2C-42BE-8E25-2D5FD6686212}.Rsharp_app_release|x86.Build.0 = Release|Any CPU
	EndGlobalSection
	GlobalSection(SolutionProperties) = preSolution
		HideSolutionNode = FALSE
	EndGlobalSection
	GlobalSection(NestedProjects) = preSolution
		{99D9B8FD-620F-4BF7-B2EA-0416754D8178} = {684F8E0E-1CDA-4990-8478-8A5B8A71F48A}
		{DCC7EB3C-4A3E-4AD6-A4F7-39E8C6EF130F} = {684F8E0E-1CDA-4990-8478-8A5B8A71F48A}
		{2E058020-0B17-4AC3-AABB-CB7B5827D341} = {BAFAA498-4C78-415D-8481-9ABF6C53BE84}
		{FAFBDABF-5496-4DE3-84E3-2B5FD1921647} = {56F0CA78-1E55-4B21-B832-B1617F6FBF78}
		{E9915610-7FB3-4D2A-A097-811FFEFB9F85} = {56F0CA78-1E55-4B21-B832-B1617F6FBF78}
	EndGlobalSection
	GlobalSection(ExtensibilityGlobals) = postSolution
		SolutionGuid = {411168DE-532A-4C2D-BDDC-2599082BA032}
	EndGlobalSection
	GlobalSection(SharedMSBuildProjectFiles) = preSolution
		..\..\R-sharp\studio\Rstudio.common\Rstudio.common.projitems*{e9915610-7fb3-4d2a-a097-811ffefb9f85}*SharedItemsImports = 5
	EndGlobalSection
EndGlobal
