
Microsoft Visual Studio Solution File, Format Version 12.00
# Visual Studio Version 17
VisualStudioVersion = 17.7.34221.43
MinimumVisualStudioVersion = 10.0.40219.1
Project("{778DAE3C-4631-46EA-AA77-85C1314464D9}") = "GNUplot", "GNUplot\GNUplot.vbproj", "{015A6FC3-530D-4BE7-9355-4B5A830CE3D5}"
EndProject
Project("{2150E333-8FDC-42A3-9474-1A3956D46DE8}") = "framework", "framework", "{4978398C-E3FD-446B-8A63-D379A84A471F}"
EndProject
Project("{2150E333-8FDC-42A3-9474-1A3956D46DE8}") = "renv", "renv", "{CAC65947-6876-4940-B641-38269F857444}"
EndProject
Project("{2150E333-8FDC-42A3-9474-1A3956D46DE8}") = "gnuplot_r", "gnuplot_r", "{D71AE036-3455-448F-B00E-5521823CB72C}"
EndProject
Project("{778DAE3C-4631-46EA-AA77-85C1314464D9}") = "Core", "..\..\sciBASIC#\Microsoft.VisualBasic.Core\src\Core.vbproj", "{29CDF383-4525-43FE-905E-9B9CA66F51B7}"
EndProject
Project("{778DAE3C-4631-46EA-AA77-85C1314464D9}") = "Rsharp-netcore5", "..\..\..\R-sharp\R#\Rsharp-netcore5.vbproj", "{B55548E2-7E97-4D7D-911C-01E0D2CFD277}"
EndProject
Project("{778DAE3C-4631-46EA-AA77-85C1314464D9}") = "R-cmd.NET5", "..\..\..\R-sharp\studio\R-terminal\R-cmd.NET5.vbproj", "{5D4457E9-8643-4D7B-A410-A0304E069559}"
EndProject
Project("{778DAE3C-4631-46EA-AA77-85C1314464D9}") = "GNUplot.Interop", "GNUplot.Interop\GNUplot.Interop.vbproj", "{AC3D884C-55D5-4A76-A3F5-DB464CC84977}"
EndProject
Project("{778DAE3C-4631-46EA-AA77-85C1314464D9}") = "GNUPlot.Extensions", "GNUPlot.Extensions\GNUPlot.Extensions.vbproj", "{182D90C2-7D77-4A56-AB50-84754DB7BF79}"
EndProject
Global
	GlobalSection(SolutionConfigurationPlatforms) = preSolution
		Debug|Any CPU = Debug|Any CPU
		Debug|x64 = Debug|x64
		Debug|x86 = Debug|x86
		Docker|Any CPU = Docker|Any CPU
		Docker|x64 = Docker|x64
		Docker|x86 = Docker|x86
		gcmodeller_desktop|Any CPU = gcmodeller_desktop|Any CPU
		gcmodeller_desktop|x64 = gcmodeller_desktop|x64
		gcmodeller_desktop|x86 = gcmodeller_desktop|x86
		LipidSearch|Any CPU = LipidSearch|Any CPU
		LipidSearch|x64 = LipidSearch|x64
		LipidSearch|x86 = LipidSearch|x86
		mzkit_win32|Any CPU = mzkit_win32|Any CPU
		mzkit_win32|x64 = mzkit_win32|x64
		mzkit_win32|x86 = mzkit_win32|x86
		mzkit|Any CPU = mzkit|Any CPU
		mzkit|x64 = mzkit|x64
		mzkit|x86 = mzkit|x86
		NPSearch|Any CPU = NPSearch|Any CPU
		NPSearch|x64 = NPSearch|x64
		NPSearch|x86 = NPSearch|x86
		PlantMAT|Any CPU = PlantMAT|Any CPU
		PlantMAT|x64 = PlantMAT|x64
		PlantMAT|x86 = PlantMAT|x86
		Release|Any CPU = Release|Any CPU
		Release|x64 = Release|x64
		Release|x86 = Release|x86
		Rsharp_app_release|Any CPU = Rsharp_app_release|Any CPU
		Rsharp_app_release|x64 = Rsharp_app_release|x64
		Rsharp_app_release|x86 = Rsharp_app_release|x86
	EndGlobalSection
	GlobalSection(ProjectConfigurationPlatforms) = postSolution
		{015A6FC3-530D-4BE7-9355-4B5A830CE3D5}.Debug|Any CPU.ActiveCfg = Debug|Any CPU
		{015A6FC3-530D-4BE7-9355-4B5A830CE3D5}.Debug|Any CPU.Build.0 = Debug|Any CPU
		{015A6FC3-530D-4BE7-9355-4B5A830CE3D5}.Debug|x64.ActiveCfg = Debug|x64
		{015A6FC3-530D-4BE7-9355-4B5A830CE3D5}.Debug|x64.Build.0 = Debug|x64
		{015A6FC3-530D-4BE7-9355-4B5A830CE3D5}.Debug|x86.ActiveCfg = Debug|Any CPU
		{015A6FC3-530D-4BE7-9355-4B5A830CE3D5}.Debug|x86.Build.0 = Debug|Any CPU
		{015A6FC3-530D-4BE7-9355-4B5A830CE3D5}.Docker|Any CPU.ActiveCfg = Debug|Any CPU
		{015A6FC3-530D-4BE7-9355-4B5A830CE3D5}.Docker|Any CPU.Build.0 = Debug|Any CPU
		{015A6FC3-530D-4BE7-9355-4B5A830CE3D5}.Docker|x64.ActiveCfg = Debug|Any CPU
		{015A6FC3-530D-4BE7-9355-4B5A830CE3D5}.Docker|x64.Build.0 = Debug|Any CPU
		{015A6FC3-530D-4BE7-9355-4B5A830CE3D5}.Docker|x86.ActiveCfg = Debug|Any CPU
		{015A6FC3-530D-4BE7-9355-4B5A830CE3D5}.Docker|x86.Build.0 = Debug|Any CPU
		{015A6FC3-530D-4BE7-9355-4B5A830CE3D5}.gcmodeller_desktop|Any CPU.ActiveCfg = Debug|Any CPU
		{015A6FC3-530D-4BE7-9355-4B5A830CE3D5}.gcmodeller_desktop|Any CPU.Build.0 = Debug|Any CPU
		{015A6FC3-530D-4BE7-9355-4B5A830CE3D5}.gcmodeller_desktop|x64.ActiveCfg = Debug|Any CPU
		{015A6FC3-530D-4BE7-9355-4B5A830CE3D5}.gcmodeller_desktop|x64.Build.0 = Debug|Any CPU
		{015A6FC3-530D-4BE7-9355-4B5A830CE3D5}.gcmodeller_desktop|x86.ActiveCfg = Debug|Any CPU
		{015A6FC3-530D-4BE7-9355-4B5A830CE3D5}.gcmodeller_desktop|x86.Build.0 = Debug|Any CPU
		{015A6FC3-530D-4BE7-9355-4B5A830CE3D5}.LipidSearch|Any CPU.ActiveCfg = Debug|Any CPU
		{015A6FC3-530D-4BE7-9355-4B5A830CE3D5}.LipidSearch|Any CPU.Build.0 = Debug|Any CPU
		{015A6FC3-530D-4BE7-9355-4B5A830CE3D5}.LipidSearch|x64.ActiveCfg = Debug|Any CPU
		{015A6FC3-530D-4BE7-9355-4B5A830CE3D5}.LipidSearch|x64.Build.0 = Debug|Any CPU
		{015A6FC3-530D-4BE7-9355-4B5A830CE3D5}.LipidSearch|x86.ActiveCfg = Debug|Any CPU
		{015A6FC3-530D-4BE7-9355-4B5A830CE3D5}.LipidSearch|x86.Build.0 = Debug|Any CPU
		{015A6FC3-530D-4BE7-9355-4B5A830CE3D5}.mzkit_win32|Any CPU.ActiveCfg = Debug|Any CPU
		{015A6FC3-530D-4BE7-9355-4B5A830CE3D5}.mzkit_win32|Any CPU.Build.0 = Debug|Any CPU
		{015A6FC3-530D-4BE7-9355-4B5A830CE3D5}.mzkit_win32|x64.ActiveCfg = Debug|Any CPU
		{015A6FC3-530D-4BE7-9355-4B5A830CE3D5}.mzkit_win32|x64.Build.0 = Debug|Any CPU
		{015A6FC3-530D-4BE7-9355-4B5A830CE3D5}.mzkit_win32|x86.ActiveCfg = Debug|Any CPU
		{015A6FC3-530D-4BE7-9355-4B5A830CE3D5}.mzkit_win32|x86.Build.0 = Debug|Any CPU
		{015A6FC3-530D-4BE7-9355-4B5A830CE3D5}.mzkit|Any CPU.ActiveCfg = Debug|Any CPU
		{015A6FC3-530D-4BE7-9355-4B5A830CE3D5}.mzkit|Any CPU.Build.0 = Debug|Any CPU
		{015A6FC3-530D-4BE7-9355-4B5A830CE3D5}.mzkit|x64.ActiveCfg = Debug|Any CPU
		{015A6FC3-530D-4BE7-9355-4B5A830CE3D5}.mzkit|x64.Build.0 = Debug|Any CPU
		{015A6FC3-530D-4BE7-9355-4B5A830CE3D5}.mzkit|x86.ActiveCfg = Debug|Any CPU
		{015A6FC3-530D-4BE7-9355-4B5A830CE3D5}.mzkit|x86.Build.0 = Debug|Any CPU
		{015A6FC3-530D-4BE7-9355-4B5A830CE3D5}.NPSearch|Any CPU.ActiveCfg = Debug|Any CPU
		{015A6FC3-530D-4BE7-9355-4B5A830CE3D5}.NPSearch|Any CPU.Build.0 = Debug|Any CPU
		{015A6FC3-530D-4BE7-9355-4B5A830CE3D5}.NPSearch|x64.ActiveCfg = Debug|Any CPU
		{015A6FC3-530D-4BE7-9355-4B5A830CE3D5}.NPSearch|x64.Build.0 = Debug|Any CPU
		{015A6FC3-530D-4BE7-9355-4B5A830CE3D5}.NPSearch|x86.ActiveCfg = Debug|Any CPU
		{015A6FC3-530D-4BE7-9355-4B5A830CE3D5}.NPSearch|x86.Build.0 = Debug|Any CPU
		{015A6FC3-530D-4BE7-9355-4B5A830CE3D5}.PlantMAT|Any CPU.ActiveCfg = Debug|Any CPU
		{015A6FC3-530D-4BE7-9355-4B5A830CE3D5}.PlantMAT|Any CPU.Build.0 = Debug|Any CPU
		{015A6FC3-530D-4BE7-9355-4B5A830CE3D5}.PlantMAT|x64.ActiveCfg = Debug|Any CPU
		{015A6FC3-530D-4BE7-9355-4B5A830CE3D5}.PlantMAT|x64.Build.0 = Debug|Any CPU
		{015A6FC3-530D-4BE7-9355-4B5A830CE3D5}.PlantMAT|x86.ActiveCfg = Debug|Any CPU
		{015A6FC3-530D-4BE7-9355-4B5A830CE3D5}.PlantMAT|x86.Build.0 = Debug|Any CPU
		{015A6FC3-530D-4BE7-9355-4B5A830CE3D5}.Release|Any CPU.ActiveCfg = Release|Any CPU
		{015A6FC3-530D-4BE7-9355-4B5A830CE3D5}.Release|Any CPU.Build.0 = Release|Any CPU
		{015A6FC3-530D-4BE7-9355-4B5A830CE3D5}.Release|x64.ActiveCfg = Release|x64
		{015A6FC3-530D-4BE7-9355-4B5A830CE3D5}.Release|x64.Build.0 = Release|x64
		{015A6FC3-530D-4BE7-9355-4B5A830CE3D5}.Release|x86.ActiveCfg = Release|Any CPU
		{015A6FC3-530D-4BE7-9355-4B5A830CE3D5}.Release|x86.Build.0 = Release|Any CPU
		{015A6FC3-530D-4BE7-9355-4B5A830CE3D5}.Rsharp_app_release|Any CPU.ActiveCfg = Release|Any CPU
		{015A6FC3-530D-4BE7-9355-4B5A830CE3D5}.Rsharp_app_release|Any CPU.Build.0 = Release|Any CPU
		{015A6FC3-530D-4BE7-9355-4B5A830CE3D5}.Rsharp_app_release|x64.ActiveCfg = Release|Any CPU
		{015A6FC3-530D-4BE7-9355-4B5A830CE3D5}.Rsharp_app_release|x64.Build.0 = Release|Any CPU
		{015A6FC3-530D-4BE7-9355-4B5A830CE3D5}.Rsharp_app_release|x86.ActiveCfg = Release|Any CPU
		{015A6FC3-530D-4BE7-9355-4B5A830CE3D5}.Rsharp_app_release|x86.Build.0 = Release|Any CPU
		{29CDF383-4525-43FE-905E-9B9CA66F51B7}.Debug|Any CPU.ActiveCfg = Debug|Any CPU
		{29CDF383-4525-43FE-905E-9B9CA66F51B7}.Debug|Any CPU.Build.0 = Debug|Any CPU
		{29CDF383-4525-43FE-905E-9B9CA66F51B7}.Debug|x64.ActiveCfg = Debug|x64
		{29CDF383-4525-43FE-905E-9B9CA66F51B7}.Debug|x64.Build.0 = Debug|x64
		{29CDF383-4525-43FE-905E-9B9CA66F51B7}.Debug|x86.ActiveCfg = Debug|x86
		{29CDF383-4525-43FE-905E-9B9CA66F51B7}.Debug|x86.Build.0 = Debug|x86
		{29CDF383-4525-43FE-905E-9B9CA66F51B7}.Docker|Any CPU.ActiveCfg = Docker|Any CPU
		{29CDF383-4525-43FE-905E-9B9CA66F51B7}.Docker|Any CPU.Build.0 = Docker|Any CPU
		{29CDF383-4525-43FE-905E-9B9CA66F51B7}.Docker|x64.ActiveCfg = Docker|x64
		{29CDF383-4525-43FE-905E-9B9CA66F51B7}.Docker|x64.Build.0 = Docker|x64
		{29CDF383-4525-43FE-905E-9B9CA66F51B7}.Docker|x86.ActiveCfg = Docker|x86
		{29CDF383-4525-43FE-905E-9B9CA66F51B7}.Docker|x86.Build.0 = Docker|x86
		{29CDF383-4525-43FE-905E-9B9CA66F51B7}.gcmodeller_desktop|Any CPU.ActiveCfg = gcmodeller_desktop|Any CPU
		{29CDF383-4525-43FE-905E-9B9CA66F51B7}.gcmodeller_desktop|Any CPU.Build.0 = gcmodeller_desktop|Any CPU
		{29CDF383-4525-43FE-905E-9B9CA66F51B7}.gcmodeller_desktop|x64.ActiveCfg = gcmodeller_desktop|x64
		{29CDF383-4525-43FE-905E-9B9CA66F51B7}.gcmodeller_desktop|x64.Build.0 = gcmodeller_desktop|x64
		{29CDF383-4525-43FE-905E-9B9CA66F51B7}.gcmodeller_desktop|x86.ActiveCfg = gcmodeller_desktop|x86
		{29CDF383-4525-43FE-905E-9B9CA66F51B7}.gcmodeller_desktop|x86.Build.0 = gcmodeller_desktop|x86
		{29CDF383-4525-43FE-905E-9B9CA66F51B7}.LipidSearch|Any CPU.ActiveCfg = LipidSearch|Any CPU
		{29CDF383-4525-43FE-905E-9B9CA66F51B7}.LipidSearch|Any CPU.Build.0 = LipidSearch|Any CPU
		{29CDF383-4525-43FE-905E-9B9CA66F51B7}.LipidSearch|x64.ActiveCfg = LipidSearch|x64
		{29CDF383-4525-43FE-905E-9B9CA66F51B7}.LipidSearch|x64.Build.0 = LipidSearch|x64
		{29CDF383-4525-43FE-905E-9B9CA66F51B7}.LipidSearch|x86.ActiveCfg = LipidSearch|x86
		{29CDF383-4525-43FE-905E-9B9CA66F51B7}.LipidSearch|x86.Build.0 = LipidSearch|x86
		{29CDF383-4525-43FE-905E-9B9CA66F51B7}.mzkit_win32|Any CPU.ActiveCfg = mzkit_win32|Any CPU
		{29CDF383-4525-43FE-905E-9B9CA66F51B7}.mzkit_win32|Any CPU.Build.0 = mzkit_win32|Any CPU
		{29CDF383-4525-43FE-905E-9B9CA66F51B7}.mzkit_win32|x64.ActiveCfg = mzkit_win32|x64
		{29CDF383-4525-43FE-905E-9B9CA66F51B7}.mzkit_win32|x64.Build.0 = mzkit_win32|x64
		{29CDF383-4525-43FE-905E-9B9CA66F51B7}.mzkit_win32|x86.ActiveCfg = mzkit_win32|x86
		{29CDF383-4525-43FE-905E-9B9CA66F51B7}.mzkit_win32|x86.Build.0 = mzkit_win32|x86
		{29CDF383-4525-43FE-905E-9B9CA66F51B7}.mzkit|Any CPU.ActiveCfg = mzkit|Any CPU
		{29CDF383-4525-43FE-905E-9B9CA66F51B7}.mzkit|Any CPU.Build.0 = mzkit|Any CPU
		{29CDF383-4525-43FE-905E-9B9CA66F51B7}.mzkit|x64.ActiveCfg = mzkit|x64
		{29CDF383-4525-43FE-905E-9B9CA66F51B7}.mzkit|x64.Build.0 = mzkit|x64
		{29CDF383-4525-43FE-905E-9B9CA66F51B7}.mzkit|x86.ActiveCfg = mzkit|x86
		{29CDF383-4525-43FE-905E-9B9CA66F51B7}.mzkit|x86.Build.0 = mzkit|x86
		{29CDF383-4525-43FE-905E-9B9CA66F51B7}.NPSearch|Any CPU.ActiveCfg = NPSearch|Any CPU
		{29CDF383-4525-43FE-905E-9B9CA66F51B7}.NPSearch|Any CPU.Build.0 = NPSearch|Any CPU
		{29CDF383-4525-43FE-905E-9B9CA66F51B7}.NPSearch|x64.ActiveCfg = NPSearch|x64
		{29CDF383-4525-43FE-905E-9B9CA66F51B7}.NPSearch|x64.Build.0 = NPSearch|x64
		{29CDF383-4525-43FE-905E-9B9CA66F51B7}.NPSearch|x86.ActiveCfg = NPSearch|x86
		{29CDF383-4525-43FE-905E-9B9CA66F51B7}.NPSearch|x86.Build.0 = NPSearch|x86
		{29CDF383-4525-43FE-905E-9B9CA66F51B7}.PlantMAT|Any CPU.ActiveCfg = PlantMAT|Any CPU
		{29CDF383-4525-43FE-905E-9B9CA66F51B7}.PlantMAT|Any CPU.Build.0 = PlantMAT|Any CPU
		{29CDF383-4525-43FE-905E-9B9CA66F51B7}.PlantMAT|x64.ActiveCfg = PlantMAT|x64
		{29CDF383-4525-43FE-905E-9B9CA66F51B7}.PlantMAT|x64.Build.0 = PlantMAT|x64
		{29CDF383-4525-43FE-905E-9B9CA66F51B7}.PlantMAT|x86.ActiveCfg = PlantMAT|x86
		{29CDF383-4525-43FE-905E-9B9CA66F51B7}.PlantMAT|x86.Build.0 = PlantMAT|x86
		{29CDF383-4525-43FE-905E-9B9CA66F51B7}.Release|Any CPU.ActiveCfg = Release|Any CPU
		{29CDF383-4525-43FE-905E-9B9CA66F51B7}.Release|Any CPU.Build.0 = Release|Any CPU
		{29CDF383-4525-43FE-905E-9B9CA66F51B7}.Release|x64.ActiveCfg = Release|x64
		{29CDF383-4525-43FE-905E-9B9CA66F51B7}.Release|x64.Build.0 = Release|x64
		{29CDF383-4525-43FE-905E-9B9CA66F51B7}.Release|x86.ActiveCfg = Release|x86
		{29CDF383-4525-43FE-905E-9B9CA66F51B7}.Release|x86.Build.0 = Release|x86
		{29CDF383-4525-43FE-905E-9B9CA66F51B7}.Rsharp_app_release|Any CPU.ActiveCfg = Rsharp_app_release|Any CPU
		{29CDF383-4525-43FE-905E-9B9CA66F51B7}.Rsharp_app_release|Any CPU.Build.0 = Rsharp_app_release|Any CPU
		{29CDF383-4525-43FE-905E-9B9CA66F51B7}.Rsharp_app_release|x64.ActiveCfg = Rsharp_app_release|x64
		{29CDF383-4525-43FE-905E-9B9CA66F51B7}.Rsharp_app_release|x64.Build.0 = Rsharp_app_release|x64
		{29CDF383-4525-43FE-905E-9B9CA66F51B7}.Rsharp_app_release|x86.ActiveCfg = Rsharp_app_release|x86
		{29CDF383-4525-43FE-905E-9B9CA66F51B7}.Rsharp_app_release|x86.Build.0 = Rsharp_app_release|x86
		{B55548E2-7E97-4D7D-911C-01E0D2CFD277}.Debug|Any CPU.ActiveCfg = Debug|Any CPU
		{B55548E2-7E97-4D7D-911C-01E0D2CFD277}.Debug|Any CPU.Build.0 = Debug|Any CPU
		{B55548E2-7E97-4D7D-911C-01E0D2CFD277}.Debug|x64.ActiveCfg = Debug|x64
		{B55548E2-7E97-4D7D-911C-01E0D2CFD277}.Debug|x64.Build.0 = Debug|x64
		{B55548E2-7E97-4D7D-911C-01E0D2CFD277}.Debug|x86.ActiveCfg = Debug|Any CPU
		{B55548E2-7E97-4D7D-911C-01E0D2CFD277}.Debug|x86.Build.0 = Debug|Any CPU
		{B55548E2-7E97-4D7D-911C-01E0D2CFD277}.Docker|Any CPU.ActiveCfg = Debug|Any CPU
		{B55548E2-7E97-4D7D-911C-01E0D2CFD277}.Docker|Any CPU.Build.0 = Debug|Any CPU
		{B55548E2-7E97-4D7D-911C-01E0D2CFD277}.Docker|x64.ActiveCfg = Debug|x64
		{B55548E2-7E97-4D7D-911C-01E0D2CFD277}.Docker|x64.Build.0 = Debug|x64
		{B55548E2-7E97-4D7D-911C-01E0D2CFD277}.Docker|x86.ActiveCfg = Debug|Any CPU
		{B55548E2-7E97-4D7D-911C-01E0D2CFD277}.Docker|x86.Build.0 = Debug|Any CPU
		{B55548E2-7E97-4D7D-911C-01E0D2CFD277}.gcmodeller_desktop|Any CPU.ActiveCfg = gcmodeller_desktop|Any CPU
		{B55548E2-7E97-4D7D-911C-01E0D2CFD277}.gcmodeller_desktop|Any CPU.Build.0 = gcmodeller_desktop|Any CPU
		{B55548E2-7E97-4D7D-911C-01E0D2CFD277}.gcmodeller_desktop|x64.ActiveCfg = gcmodeller_desktop|x64
		{B55548E2-7E97-4D7D-911C-01E0D2CFD277}.gcmodeller_desktop|x64.Build.0 = gcmodeller_desktop|x64
		{B55548E2-7E97-4D7D-911C-01E0D2CFD277}.gcmodeller_desktop|x86.ActiveCfg = gcmodeller_desktop|Any CPU
		{B55548E2-7E97-4D7D-911C-01E0D2CFD277}.gcmodeller_desktop|x86.Build.0 = gcmodeller_desktop|Any CPU
		{B55548E2-7E97-4D7D-911C-01E0D2CFD277}.LipidSearch|Any CPU.ActiveCfg = LipidSearch|Any CPU
		{B55548E2-7E97-4D7D-911C-01E0D2CFD277}.LipidSearch|Any CPU.Build.0 = LipidSearch|Any CPU
		{B55548E2-7E97-4D7D-911C-01E0D2CFD277}.LipidSearch|x64.ActiveCfg = LipidSearch|x64
		{B55548E2-7E97-4D7D-911C-01E0D2CFD277}.LipidSearch|x64.Build.0 = LipidSearch|x64
		{B55548E2-7E97-4D7D-911C-01E0D2CFD277}.LipidSearch|x86.ActiveCfg = LipidSearch|Any CPU
		{B55548E2-7E97-4D7D-911C-01E0D2CFD277}.LipidSearch|x86.Build.0 = LipidSearch|Any CPU
		{B55548E2-7E97-4D7D-911C-01E0D2CFD277}.mzkit_win32|Any CPU.ActiveCfg = mzkit|Any CPU
		{B55548E2-7E97-4D7D-911C-01E0D2CFD277}.mzkit_win32|Any CPU.Build.0 = mzkit|Any CPU
		{B55548E2-7E97-4D7D-911C-01E0D2CFD277}.mzkit_win32|x64.ActiveCfg = mzkit|x64
		{B55548E2-7E97-4D7D-911C-01E0D2CFD277}.mzkit_win32|x64.Build.0 = mzkit|x64
		{B55548E2-7E97-4D7D-911C-01E0D2CFD277}.mzkit_win32|x86.ActiveCfg = mzkit|Any CPU
		{B55548E2-7E97-4D7D-911C-01E0D2CFD277}.mzkit_win32|x86.Build.0 = mzkit|Any CPU
		{B55548E2-7E97-4D7D-911C-01E0D2CFD277}.mzkit|Any CPU.ActiveCfg = mzkit|Any CPU
		{B55548E2-7E97-4D7D-911C-01E0D2CFD277}.mzkit|Any CPU.Build.0 = mzkit|Any CPU
		{B55548E2-7E97-4D7D-911C-01E0D2CFD277}.mzkit|x64.ActiveCfg = mzkit|x64
		{B55548E2-7E97-4D7D-911C-01E0D2CFD277}.mzkit|x64.Build.0 = mzkit|x64
		{B55548E2-7E97-4D7D-911C-01E0D2CFD277}.mzkit|x86.ActiveCfg = mzkit|Any CPU
		{B55548E2-7E97-4D7D-911C-01E0D2CFD277}.mzkit|x86.Build.0 = mzkit|Any CPU
		{B55548E2-7E97-4D7D-911C-01E0D2CFD277}.NPSearch|Any CPU.ActiveCfg = NPSearch|Any CPU
		{B55548E2-7E97-4D7D-911C-01E0D2CFD277}.NPSearch|Any CPU.Build.0 = NPSearch|Any CPU
		{B55548E2-7E97-4D7D-911C-01E0D2CFD277}.NPSearch|x64.ActiveCfg = NPSearch|x64
		{B55548E2-7E97-4D7D-911C-01E0D2CFD277}.NPSearch|x64.Build.0 = NPSearch|x64
		{B55548E2-7E97-4D7D-911C-01E0D2CFD277}.NPSearch|x86.ActiveCfg = NPSearch|Any CPU
		{B55548E2-7E97-4D7D-911C-01E0D2CFD277}.NPSearch|x86.Build.0 = NPSearch|Any CPU
		{B55548E2-7E97-4D7D-911C-01E0D2CFD277}.PlantMAT|Any CPU.ActiveCfg = PlantMAT|Any CPU
		{B55548E2-7E97-4D7D-911C-01E0D2CFD277}.PlantMAT|Any CPU.Build.0 = PlantMAT|Any CPU
		{B55548E2-7E97-4D7D-911C-01E0D2CFD277}.PlantMAT|x64.ActiveCfg = PlantMAT|x64
		{B55548E2-7E97-4D7D-911C-01E0D2CFD277}.PlantMAT|x64.Build.0 = PlantMAT|x64
		{B55548E2-7E97-4D7D-911C-01E0D2CFD277}.PlantMAT|x86.ActiveCfg = PlantMAT|Any CPU
		{B55548E2-7E97-4D7D-911C-01E0D2CFD277}.PlantMAT|x86.Build.0 = PlantMAT|Any CPU
		{B55548E2-7E97-4D7D-911C-01E0D2CFD277}.Release|Any CPU.ActiveCfg = Release|Any CPU
		{B55548E2-7E97-4D7D-911C-01E0D2CFD277}.Release|Any CPU.Build.0 = Release|Any CPU
		{B55548E2-7E97-4D7D-911C-01E0D2CFD277}.Release|x64.ActiveCfg = Release|x64
		{B55548E2-7E97-4D7D-911C-01E0D2CFD277}.Release|x64.Build.0 = Release|x64
		{B55548E2-7E97-4D7D-911C-01E0D2CFD277}.Release|x86.ActiveCfg = Release|Any CPU
		{B55548E2-7E97-4D7D-911C-01E0D2CFD277}.Release|x86.Build.0 = Release|Any CPU
		{B55548E2-7E97-4D7D-911C-01E0D2CFD277}.Rsharp_app_release|Any CPU.ActiveCfg = Rsharp_app_release|Any CPU
		{B55548E2-7E97-4D7D-911C-01E0D2CFD277}.Rsharp_app_release|Any CPU.Build.0 = Rsharp_app_release|Any CPU
		{B55548E2-7E97-4D7D-911C-01E0D2CFD277}.Rsharp_app_release|x64.ActiveCfg = Rsharp_app_release|x64
		{B55548E2-7E97-4D7D-911C-01E0D2CFD277}.Rsharp_app_release|x64.Build.0 = Rsharp_app_release|x64
		{B55548E2-7E97-4D7D-911C-01E0D2CFD277}.Rsharp_app_release|x86.ActiveCfg = Rsharp_app_release|Any CPU
		{B55548E2-7E97-4D7D-911C-01E0D2CFD277}.Rsharp_app_release|x86.Build.0 = Rsharp_app_release|Any CPU
		{5D4457E9-8643-4D7B-A410-A0304E069559}.Debug|Any CPU.ActiveCfg = Debug|Any CPU
		{5D4457E9-8643-4D7B-A410-A0304E069559}.Debug|Any CPU.Build.0 = Debug|Any CPU
		{5D4457E9-8643-4D7B-A410-A0304E069559}.Debug|x64.ActiveCfg = Debug|x64
		{5D4457E9-8643-4D7B-A410-A0304E069559}.Debug|x64.Build.0 = Debug|x64
		{5D4457E9-8643-4D7B-A410-A0304E069559}.Debug|x86.ActiveCfg = Debug|Any CPU
		{5D4457E9-8643-4D7B-A410-A0304E069559}.Debug|x86.Build.0 = Debug|Any CPU
		{5D4457E9-8643-4D7B-A410-A0304E069559}.Docker|Any CPU.ActiveCfg = Debug|Any CPU
		{5D4457E9-8643-4D7B-A410-A0304E069559}.Docker|Any CPU.Build.0 = Debug|Any CPU
		{5D4457E9-8643-4D7B-A410-A0304E069559}.Docker|x64.ActiveCfg = Debug|x64
		{5D4457E9-8643-4D7B-A410-A0304E069559}.Docker|x64.Build.0 = Debug|x64
		{5D4457E9-8643-4D7B-A410-A0304E069559}.Docker|x86.ActiveCfg = Debug|Any CPU
		{5D4457E9-8643-4D7B-A410-A0304E069559}.Docker|x86.Build.0 = Debug|Any CPU
		{5D4457E9-8643-4D7B-A410-A0304E069559}.gcmodeller_desktop|Any CPU.ActiveCfg = gcmodeller_desktop|Any CPU
		{5D4457E9-8643-4D7B-A410-A0304E069559}.gcmodeller_desktop|Any CPU.Build.0 = gcmodeller_desktop|Any CPU
		{5D4457E9-8643-4D7B-A410-A0304E069559}.gcmodeller_desktop|x64.ActiveCfg = gcmodeller_desktop|x64
		{5D4457E9-8643-4D7B-A410-A0304E069559}.gcmodeller_desktop|x64.Build.0 = gcmodeller_desktop|x64
		{5D4457E9-8643-4D7B-A410-A0304E069559}.gcmodeller_desktop|x86.ActiveCfg = gcmodeller_desktop|Any CPU
		{5D4457E9-8643-4D7B-A410-A0304E069559}.gcmodeller_desktop|x86.Build.0 = gcmodeller_desktop|Any CPU
		{5D4457E9-8643-4D7B-A410-A0304E069559}.LipidSearch|Any CPU.ActiveCfg = Debug|Any CPU
		{5D4457E9-8643-4D7B-A410-A0304E069559}.LipidSearch|Any CPU.Build.0 = Debug|Any CPU
		{5D4457E9-8643-4D7B-A410-A0304E069559}.LipidSearch|x64.ActiveCfg = Debug|x64
		{5D4457E9-8643-4D7B-A410-A0304E069559}.LipidSearch|x64.Build.0 = Debug|x64
		{5D4457E9-8643-4D7B-A410-A0304E069559}.LipidSearch|x86.ActiveCfg = Debug|Any CPU
		{5D4457E9-8643-4D7B-A410-A0304E069559}.LipidSearch|x86.Build.0 = Debug|Any CPU
		{5D4457E9-8643-4D7B-A410-A0304E069559}.mzkit_win32|Any CPU.ActiveCfg = mzkit_win32|Any CPU
		{5D4457E9-8643-4D7B-A410-A0304E069559}.mzkit_win32|Any CPU.Build.0 = mzkit_win32|Any CPU
		{5D4457E9-8643-4D7B-A410-A0304E069559}.mzkit_win32|x64.ActiveCfg = mzkit_win32|x64
		{5D4457E9-8643-4D7B-A410-A0304E069559}.mzkit_win32|x64.Build.0 = mzkit_win32|x64
		{5D4457E9-8643-4D7B-A410-A0304E069559}.mzkit_win32|x86.ActiveCfg = mzkit_win32|Any CPU
		{5D4457E9-8643-4D7B-A410-A0304E069559}.mzkit_win32|x86.Build.0 = mzkit_win32|Any CPU
		{5D4457E9-8643-4D7B-A410-A0304E069559}.mzkit|Any CPU.ActiveCfg = mzkit|Any CPU
		{5D4457E9-8643-4D7B-A410-A0304E069559}.mzkit|Any CPU.Build.0 = mzkit|Any CPU
		{5D4457E9-8643-4D7B-A410-A0304E069559}.mzkit|x64.ActiveCfg = mzkit|x64
		{5D4457E9-8643-4D7B-A410-A0304E069559}.mzkit|x64.Build.0 = mzkit|x64
		{5D4457E9-8643-4D7B-A410-A0304E069559}.mzkit|x86.ActiveCfg = mzkit|Any CPU
		{5D4457E9-8643-4D7B-A410-A0304E069559}.mzkit|x86.Build.0 = mzkit|Any CPU
		{5D4457E9-8643-4D7B-A410-A0304E069559}.NPSearch|Any CPU.ActiveCfg = Debug|Any CPU
		{5D4457E9-8643-4D7B-A410-A0304E069559}.NPSearch|Any CPU.Build.0 = Debug|Any CPU
		{5D4457E9-8643-4D7B-A410-A0304E069559}.NPSearch|x64.ActiveCfg = Debug|x64
		{5D4457E9-8643-4D7B-A410-A0304E069559}.NPSearch|x64.Build.0 = Debug|x64
		{5D4457E9-8643-4D7B-A410-A0304E069559}.NPSearch|x86.ActiveCfg = Debug|Any CPU
		{5D4457E9-8643-4D7B-A410-A0304E069559}.NPSearch|x86.Build.0 = Debug|Any CPU
		{5D4457E9-8643-4D7B-A410-A0304E069559}.PlantMAT|Any CPU.ActiveCfg = Debug|Any CPU
		{5D4457E9-8643-4D7B-A410-A0304E069559}.PlantMAT|Any CPU.Build.0 = Debug|Any CPU
		{5D4457E9-8643-4D7B-A410-A0304E069559}.PlantMAT|x64.ActiveCfg = Debug|x64
		{5D4457E9-8643-4D7B-A410-A0304E069559}.PlantMAT|x64.Build.0 = Debug|x64
		{5D4457E9-8643-4D7B-A410-A0304E069559}.PlantMAT|x86.ActiveCfg = Debug|Any CPU
		{5D4457E9-8643-4D7B-A410-A0304E069559}.PlantMAT|x86.Build.0 = Debug|Any CPU
		{5D4457E9-8643-4D7B-A410-A0304E069559}.Release|Any CPU.ActiveCfg = Release|Any CPU
		{5D4457E9-8643-4D7B-A410-A0304E069559}.Release|Any CPU.Build.0 = Release|Any CPU
		{5D4457E9-8643-4D7B-A410-A0304E069559}.Release|x64.ActiveCfg = Release|x64
		{5D4457E9-8643-4D7B-A410-A0304E069559}.Release|x64.Build.0 = Release|x64
		{5D4457E9-8643-4D7B-A410-A0304E069559}.Release|x86.ActiveCfg = Release|Any CPU
		{5D4457E9-8643-4D7B-A410-A0304E069559}.Release|x86.Build.0 = Release|Any CPU
		{5D4457E9-8643-4D7B-A410-A0304E069559}.Rsharp_app_release|Any CPU.ActiveCfg = Rsharp_app_release|Any CPU
		{5D4457E9-8643-4D7B-A410-A0304E069559}.Rsharp_app_release|Any CPU.Build.0 = Rsharp_app_release|Any CPU
		{5D4457E9-8643-4D7B-A410-A0304E069559}.Rsharp_app_release|x64.ActiveCfg = Rsharp_app_release|x64
		{5D4457E9-8643-4D7B-A410-A0304E069559}.Rsharp_app_release|x64.Build.0 = Rsharp_app_release|x64
		{5D4457E9-8643-4D7B-A410-A0304E069559}.Rsharp_app_release|x86.ActiveCfg = Rsharp_app_release|Any CPU
		{5D4457E9-8643-4D7B-A410-A0304E069559}.Rsharp_app_release|x86.Build.0 = Rsharp_app_release|Any CPU
		{AC3D884C-55D5-4A76-A3F5-DB464CC84977}.Debug|Any CPU.ActiveCfg = Debug|Any CPU
		{AC3D884C-55D5-4A76-A3F5-DB464CC84977}.Debug|Any CPU.Build.0 = Debug|Any CPU
		{AC3D884C-55D5-4A76-A3F5-DB464CC84977}.Debug|x64.ActiveCfg = Debug|x64
		{AC3D884C-55D5-4A76-A3F5-DB464CC84977}.Debug|x64.Build.0 = Debug|x64
		{AC3D884C-55D5-4A76-A3F5-DB464CC84977}.Debug|x86.ActiveCfg = Debug|Any CPU
		{AC3D884C-55D5-4A76-A3F5-DB464CC84977}.Debug|x86.Build.0 = Debug|Any CPU
		{AC3D884C-55D5-4A76-A3F5-DB464CC84977}.Docker|Any CPU.ActiveCfg = Debug|Any CPU
		{AC3D884C-55D5-4A76-A3F5-DB464CC84977}.Docker|Any CPU.Build.0 = Debug|Any CPU
		{AC3D884C-55D5-4A76-A3F5-DB464CC84977}.Docker|x64.ActiveCfg = Debug|Any CPU
		{AC3D884C-55D5-4A76-A3F5-DB464CC84977}.Docker|x64.Build.0 = Debug|Any CPU
		{AC3D884C-55D5-4A76-A3F5-DB464CC84977}.Docker|x86.ActiveCfg = Debug|Any CPU
		{AC3D884C-55D5-4A76-A3F5-DB464CC84977}.Docker|x86.Build.0 = Debug|Any CPU
		{AC3D884C-55D5-4A76-A3F5-DB464CC84977}.gcmodeller_desktop|Any CPU.ActiveCfg = Debug|Any CPU
		{AC3D884C-55D5-4A76-A3F5-DB464CC84977}.gcmodeller_desktop|Any CPU.Build.0 = Debug|Any CPU
		{AC3D884C-55D5-4A76-A3F5-DB464CC84977}.gcmodeller_desktop|x64.ActiveCfg = Debug|Any CPU
		{AC3D884C-55D5-4A76-A3F5-DB464CC84977}.gcmodeller_desktop|x64.Build.0 = Debug|Any CPU
		{AC3D884C-55D5-4A76-A3F5-DB464CC84977}.gcmodeller_desktop|x86.ActiveCfg = Debug|Any CPU
		{AC3D884C-55D5-4A76-A3F5-DB464CC84977}.gcmodeller_desktop|x86.Build.0 = Debug|Any CPU
		{AC3D884C-55D5-4A76-A3F5-DB464CC84977}.LipidSearch|Any CPU.ActiveCfg = Debug|Any CPU
		{AC3D884C-55D5-4A76-A3F5-DB464CC84977}.LipidSearch|Any CPU.Build.0 = Debug|Any CPU
		{AC3D884C-55D5-4A76-A3F5-DB464CC84977}.LipidSearch|x64.ActiveCfg = Debug|Any CPU
		{AC3D884C-55D5-4A76-A3F5-DB464CC84977}.LipidSearch|x64.Build.0 = Debug|Any CPU
		{AC3D884C-55D5-4A76-A3F5-DB464CC84977}.LipidSearch|x86.ActiveCfg = Debug|Any CPU
		{AC3D884C-55D5-4A76-A3F5-DB464CC84977}.LipidSearch|x86.Build.0 = Debug|Any CPU
		{AC3D884C-55D5-4A76-A3F5-DB464CC84977}.mzkit_win32|Any CPU.ActiveCfg = Debug|Any CPU
		{AC3D884C-55D5-4A76-A3F5-DB464CC84977}.mzkit_win32|Any CPU.Build.0 = Debug|Any CPU
		{AC3D884C-55D5-4A76-A3F5-DB464CC84977}.mzkit_win32|x64.ActiveCfg = Debug|Any CPU
		{AC3D884C-55D5-4A76-A3F5-DB464CC84977}.mzkit_win32|x64.Build.0 = Debug|Any CPU
		{AC3D884C-55D5-4A76-A3F5-DB464CC84977}.mzkit_win32|x86.ActiveCfg = Debug|Any CPU
		{AC3D884C-55D5-4A76-A3F5-DB464CC84977}.mzkit_win32|x86.Build.0 = Debug|Any CPU
		{AC3D884C-55D5-4A76-A3F5-DB464CC84977}.mzkit|Any CPU.ActiveCfg = Debug|Any CPU
		{AC3D884C-55D5-4A76-A3F5-DB464CC84977}.mzkit|Any CPU.Build.0 = Debug|Any CPU
		{AC3D884C-55D5-4A76-A3F5-DB464CC84977}.mzkit|x64.ActiveCfg = Debug|Any CPU
		{AC3D884C-55D5-4A76-A3F5-DB464CC84977}.mzkit|x64.Build.0 = Debug|Any CPU
		{AC3D884C-55D5-4A76-A3F5-DB464CC84977}.mzkit|x86.ActiveCfg = Debug|Any CPU
		{AC3D884C-55D5-4A76-A3F5-DB464CC84977}.mzkit|x86.Build.0 = Debug|Any CPU
		{AC3D884C-55D5-4A76-A3F5-DB464CC84977}.NPSearch|Any CPU.ActiveCfg = Debug|Any CPU
		{AC3D884C-55D5-4A76-A3F5-DB464CC84977}.NPSearch|Any CPU.Build.0 = Debug|Any CPU
		{AC3D884C-55D5-4A76-A3F5-DB464CC84977}.NPSearch|x64.ActiveCfg = Debug|Any CPU
		{AC3D884C-55D5-4A76-A3F5-DB464CC84977}.NPSearch|x64.Build.0 = Debug|Any CPU
		{AC3D884C-55D5-4A76-A3F5-DB464CC84977}.NPSearch|x86.ActiveCfg = Debug|Any CPU
		{AC3D884C-55D5-4A76-A3F5-DB464CC84977}.NPSearch|x86.Build.0 = Debug|Any CPU
		{AC3D884C-55D5-4A76-A3F5-DB464CC84977}.PlantMAT|Any CPU.ActiveCfg = Debug|Any CPU
		{AC3D884C-55D5-4A76-A3F5-DB464CC84977}.PlantMAT|Any CPU.Build.0 = Debug|Any CPU
		{AC3D884C-55D5-4A76-A3F5-DB464CC84977}.PlantMAT|x64.ActiveCfg = Debug|Any CPU
		{AC3D884C-55D5-4A76-A3F5-DB464CC84977}.PlantMAT|x64.Build.0 = Debug|Any CPU
		{AC3D884C-55D5-4A76-A3F5-DB464CC84977}.PlantMAT|x86.ActiveCfg = Debug|Any CPU
		{AC3D884C-55D5-4A76-A3F5-DB464CC84977}.PlantMAT|x86.Build.0 = Debug|Any CPU
		{AC3D884C-55D5-4A76-A3F5-DB464CC84977}.Release|Any CPU.ActiveCfg = Release|Any CPU
		{AC3D884C-55D5-4A76-A3F5-DB464CC84977}.Release|Any CPU.Build.0 = Release|Any CPU
		{AC3D884C-55D5-4A76-A3F5-DB464CC84977}.Release|x64.ActiveCfg = Release|x64
		{AC3D884C-55D5-4A76-A3F5-DB464CC84977}.Release|x64.Build.0 = Release|x64
		{AC3D884C-55D5-4A76-A3F5-DB464CC84977}.Release|x86.ActiveCfg = Release|Any CPU
		{AC3D884C-55D5-4A76-A3F5-DB464CC84977}.Release|x86.Build.0 = Release|Any CPU
		{AC3D884C-55D5-4A76-A3F5-DB464CC84977}.Rsharp_app_release|Any CPU.ActiveCfg = Release|Any CPU
		{AC3D884C-55D5-4A76-A3F5-DB464CC84977}.Rsharp_app_release|Any CPU.Build.0 = Release|Any CPU
		{AC3D884C-55D5-4A76-A3F5-DB464CC84977}.Rsharp_app_release|x64.ActiveCfg = Release|Any CPU
		{AC3D884C-55D5-4A76-A3F5-DB464CC84977}.Rsharp_app_release|x64.Build.0 = Release|Any CPU
		{AC3D884C-55D5-4A76-A3F5-DB464CC84977}.Rsharp_app_release|x86.ActiveCfg = Release|Any CPU
		{AC3D884C-55D5-4A76-A3F5-DB464CC84977}.Rsharp_app_release|x86.Build.0 = Release|Any CPU
		{182D90C2-7D77-4A56-AB50-84754DB7BF79}.Debug|Any CPU.ActiveCfg = Debug|Any CPU
		{182D90C2-7D77-4A56-AB50-84754DB7BF79}.Debug|Any CPU.Build.0 = Debug|Any CPU
		{182D90C2-7D77-4A56-AB50-84754DB7BF79}.Debug|x64.ActiveCfg = Debug|x64
		{182D90C2-7D77-4A56-AB50-84754DB7BF79}.Debug|x64.Build.0 = Debug|x64
		{182D90C2-7D77-4A56-AB50-84754DB7BF79}.Debug|x86.ActiveCfg = Debug|Any CPU
		{182D90C2-7D77-4A56-AB50-84754DB7BF79}.Debug|x86.Build.0 = Debug|Any CPU
		{182D90C2-7D77-4A56-AB50-84754DB7BF79}.Docker|Any CPU.ActiveCfg = Debug|Any CPU
		{182D90C2-7D77-4A56-AB50-84754DB7BF79}.Docker|Any CPU.Build.0 = Debug|Any CPU
		{182D90C2-7D77-4A56-AB50-84754DB7BF79}.Docker|x64.ActiveCfg = Debug|Any CPU
		{182D90C2-7D77-4A56-AB50-84754DB7BF79}.Docker|x64.Build.0 = Debug|Any CPU
		{182D90C2-7D77-4A56-AB50-84754DB7BF79}.Docker|x86.ActiveCfg = Debug|Any CPU
		{182D90C2-7D77-4A56-AB50-84754DB7BF79}.Docker|x86.Build.0 = Debug|Any CPU
		{182D90C2-7D77-4A56-AB50-84754DB7BF79}.gcmodeller_desktop|Any CPU.ActiveCfg = Debug|Any CPU
		{182D90C2-7D77-4A56-AB50-84754DB7BF79}.gcmodeller_desktop|Any CPU.Build.0 = Debug|Any CPU
		{182D90C2-7D77-4A56-AB50-84754DB7BF79}.gcmodeller_desktop|x64.ActiveCfg = Debug|Any CPU
		{182D90C2-7D77-4A56-AB50-84754DB7BF79}.gcmodeller_desktop|x64.Build.0 = Debug|Any CPU
		{182D90C2-7D77-4A56-AB50-84754DB7BF79}.gcmodeller_desktop|x86.ActiveCfg = Debug|Any CPU
		{182D90C2-7D77-4A56-AB50-84754DB7BF79}.gcmodeller_desktop|x86.Build.0 = Debug|Any CPU
		{182D90C2-7D77-4A56-AB50-84754DB7BF79}.LipidSearch|Any CPU.ActiveCfg = Debug|Any CPU
		{182D90C2-7D77-4A56-AB50-84754DB7BF79}.LipidSearch|Any CPU.Build.0 = Debug|Any CPU
		{182D90C2-7D77-4A56-AB50-84754DB7BF79}.LipidSearch|x64.ActiveCfg = Debug|Any CPU
		{182D90C2-7D77-4A56-AB50-84754DB7BF79}.LipidSearch|x64.Build.0 = Debug|Any CPU
		{182D90C2-7D77-4A56-AB50-84754DB7BF79}.LipidSearch|x86.ActiveCfg = Debug|Any CPU
		{182D90C2-7D77-4A56-AB50-84754DB7BF79}.LipidSearch|x86.Build.0 = Debug|Any CPU
		{182D90C2-7D77-4A56-AB50-84754DB7BF79}.mzkit_win32|Any CPU.ActiveCfg = Debug|Any CPU
		{182D90C2-7D77-4A56-AB50-84754DB7BF79}.mzkit_win32|Any CPU.Build.0 = Debug|Any CPU
		{182D90C2-7D77-4A56-AB50-84754DB7BF79}.mzkit_win32|x64.ActiveCfg = Debug|Any CPU
		{182D90C2-7D77-4A56-AB50-84754DB7BF79}.mzkit_win32|x64.Build.0 = Debug|Any CPU
		{182D90C2-7D77-4A56-AB50-84754DB7BF79}.mzkit_win32|x86.ActiveCfg = Debug|Any CPU
		{182D90C2-7D77-4A56-AB50-84754DB7BF79}.mzkit_win32|x86.Build.0 = Debug|Any CPU
		{182D90C2-7D77-4A56-AB50-84754DB7BF79}.mzkit|Any CPU.ActiveCfg = Debug|Any CPU
		{182D90C2-7D77-4A56-AB50-84754DB7BF79}.mzkit|Any CPU.Build.0 = Debug|Any CPU
		{182D90C2-7D77-4A56-AB50-84754DB7BF79}.mzkit|x64.ActiveCfg = Debug|Any CPU
		{182D90C2-7D77-4A56-AB50-84754DB7BF79}.mzkit|x64.Build.0 = Debug|Any CPU
		{182D90C2-7D77-4A56-AB50-84754DB7BF79}.mzkit|x86.ActiveCfg = Debug|Any CPU
		{182D90C2-7D77-4A56-AB50-84754DB7BF79}.mzkit|x86.Build.0 = Debug|Any CPU
		{182D90C2-7D77-4A56-AB50-84754DB7BF79}.NPSearch|Any CPU.ActiveCfg = Debug|Any CPU
		{182D90C2-7D77-4A56-AB50-84754DB7BF79}.NPSearch|Any CPU.Build.0 = Debug|Any CPU
		{182D90C2-7D77-4A56-AB50-84754DB7BF79}.NPSearch|x64.ActiveCfg = Debug|Any CPU
		{182D90C2-7D77-4A56-AB50-84754DB7BF79}.NPSearch|x64.Build.0 = Debug|Any CPU
		{182D90C2-7D77-4A56-AB50-84754DB7BF79}.NPSearch|x86.ActiveCfg = Debug|Any CPU
		{182D90C2-7D77-4A56-AB50-84754DB7BF79}.NPSearch|x86.Build.0 = Debug|Any CPU
		{182D90C2-7D77-4A56-AB50-84754DB7BF79}.PlantMAT|Any CPU.ActiveCfg = Debug|Any CPU
		{182D90C2-7D77-4A56-AB50-84754DB7BF79}.PlantMAT|Any CPU.Build.0 = Debug|Any CPU
		{182D90C2-7D77-4A56-AB50-84754DB7BF79}.PlantMAT|x64.ActiveCfg = Debug|Any CPU
		{182D90C2-7D77-4A56-AB50-84754DB7BF79}.PlantMAT|x64.Build.0 = Debug|Any CPU
		{182D90C2-7D77-4A56-AB50-84754DB7BF79}.PlantMAT|x86.ActiveCfg = Debug|Any CPU
		{182D90C2-7D77-4A56-AB50-84754DB7BF79}.PlantMAT|x86.Build.0 = Debug|Any CPU
		{182D90C2-7D77-4A56-AB50-84754DB7BF79}.Release|Any CPU.ActiveCfg = Release|Any CPU
		{182D90C2-7D77-4A56-AB50-84754DB7BF79}.Release|Any CPU.Build.0 = Release|Any CPU
		{182D90C2-7D77-4A56-AB50-84754DB7BF79}.Release|x64.ActiveCfg = Release|x64
		{182D90C2-7D77-4A56-AB50-84754DB7BF79}.Release|x64.Build.0 = Release|x64
		{182D90C2-7D77-4A56-AB50-84754DB7BF79}.Release|x86.ActiveCfg = Release|Any CPU
		{182D90C2-7D77-4A56-AB50-84754DB7BF79}.Release|x86.Build.0 = Release|Any CPU
		{182D90C2-7D77-4A56-AB50-84754DB7BF79}.Rsharp_app_release|Any CPU.ActiveCfg = Release|Any CPU
		{182D90C2-7D77-4A56-AB50-84754DB7BF79}.Rsharp_app_release|Any CPU.Build.0 = Release|Any CPU
		{182D90C2-7D77-4A56-AB50-84754DB7BF79}.Rsharp_app_release|x64.ActiveCfg = Release|Any CPU
		{182D90C2-7D77-4A56-AB50-84754DB7BF79}.Rsharp_app_release|x64.Build.0 = Release|Any CPU
		{182D90C2-7D77-4A56-AB50-84754DB7BF79}.Rsharp_app_release|x86.ActiveCfg = Release|Any CPU
		{182D90C2-7D77-4A56-AB50-84754DB7BF79}.Rsharp_app_release|x86.Build.0 = Release|Any CPU
	EndGlobalSection
	GlobalSection(SolutionProperties) = preSolution
		HideSolutionNode = FALSE
	EndGlobalSection
	GlobalSection(NestedProjects) = preSolution
		{29CDF383-4525-43FE-905E-9B9CA66F51B7} = {4978398C-E3FD-446B-8A63-D379A84A471F}
		{B55548E2-7E97-4D7D-911C-01E0D2CFD277} = {CAC65947-6876-4940-B641-38269F857444}
		{5D4457E9-8643-4D7B-A410-A0304E069559} = {CAC65947-6876-4940-B641-38269F857444}
		{AC3D884C-55D5-4A76-A3F5-DB464CC84977} = {D71AE036-3455-448F-B00E-5521823CB72C}
		{182D90C2-7D77-4A56-AB50-84754DB7BF79} = {D71AE036-3455-448F-B00E-5521823CB72C}
	EndGlobalSection
	GlobalSection(ExtensibilityGlobals) = postSolution
		SolutionGuid = {22CC14FE-5900-4E3A-A361-BDB02B6708E4}
	EndGlobalSection
	GlobalSection(SharedMSBuildProjectFiles) = preSolution
		..\..\..\R-sharp\studio\Rstudio.common\Rstudio.common.projitems*{5d4457e9-8643-4d7b-a410-a0304e069559}*SharedItemsImports = 5
	EndGlobalSection
EndGlobal
